// !$*UTF8*$!
{
	archiveVersion = 1;
	classes = {
	};
	objectVersion = 46;
	objects = {

/* Begin PBXBuildFile section */
		F7D1B2651E30B1E3008F2E16 /* ViewController.m in Sources */ = {isa = PBXBuildFile; fileRef = F7D1B2591E30B1E3008F2E16 /* ViewController.m */; };
		F7D1B2661E30B1E3008F2E16 /* AppDelegate.m in Sources */ = {isa = PBXBuildFile; fileRef = F7D1B25E1E30B1E3008F2E16 /* AppDelegate.m */; };
		F7D1B2671E30B1E3008F2E16 /* Assets.xcassets in Resources */ = {isa = PBXBuildFile; fileRef = F7D1B25F1E30B1E3008F2E16 /* Assets.xcassets */; };
		F7D1B2681E30B1E3008F2E16 /* LaunchScreen.storyboard in Resources */ = {isa = PBXBuildFile; fileRef = F7D1B2601E30B1E3008F2E16 /* LaunchScreen.storyboard */; };
		F7D1B2691E30B1E3008F2E16 /* Main.storyboard in Resources */ = {isa = PBXBuildFile; fileRef = F7D1B2621E30B1E3008F2E16 /* Main.storyboard */; };
		F7D1B26A1E30B1E3008F2E16 /* main.m in Sources */ = {isa = PBXBuildFile; fileRef = F7D1B2641E30B1E3008F2E16 /* main.m */; };
		F7D1B26D1E30B203008F2E16 /* RightViewController.m in Sources */ = {isa = PBXBuildFile; fileRef = F7D1B26C1E30B203008F2E16 /* RightViewController.m */; };
		F7D1B2701E30B20A008F2E16 /* LeftTableViewController.m in Sources */ = {isa = PBXBuildFile; fileRef = F7D1B26F1E30B20A008F2E16 /* LeftTableViewController.m */; };
/* End PBXBuildFile section */

/* Begin PBXFileReference section */
		F7D1B23C1E30AEE3008F2E16 /* MultiControllerTargetTest.app */ = {isa = PBXFileReference; explicitFileType = wrapper.application; includeInIndex = 0; path = MultiControllerTargetTest.app; sourceTree = BUILT_PRODUCTS_DIR; };
		F7D1B2501E30AEE3008F2E16 /* Info.plist */ = {isa = PBXFileReference; lastKnownFileType = text.plist.xml; name = Info.plist; path = ../Info.plist; sourceTree = "<group>"; };
		F7D1B2581E30B1E3008F2E16 /* ViewController.h */ = {isa = PBXFileReference; fileEncoding = 4; lastKnownFileType = sourcecode.c.h; path = ViewController.h; sourceTree = "<group>"; };
		F7D1B2591E30B1E3008F2E16 /* ViewController.m */ = {isa = PBXFileReference; fileEncoding = 4; lastKnownFileType = sourcecode.c.objc; path = ViewController.m; sourceTree = "<group>"; };
		F7D1B25D1E30B1E3008F2E16 /* AppDelegate.h */ = {isa = PBXFileReference; fileEncoding = 4; lastKnownFileType = sourcecode.c.h; path = AppDelegate.h; sourceTree = "<group>"; };
		F7D1B25E1E30B1E3008F2E16 /* AppDelegate.m */ = {isa = PBXFileReference; fileEncoding = 4; lastKnownFileType = sourcecode.c.objc; path = AppDelegate.m; sourceTree = "<group>"; };
		F7D1B25F1E30B1E3008F2E16 /* Assets.xcassets */ = {isa = PBXFileReference; lastKnownFileType = folder.assetcatalog; path = Assets.xcassets; sourceTree = "<group>"; };
		F7D1B2611E30B1E3008F2E16 /* Base */ = {isa = PBXFileReference; lastKnownFileType = file.storyboard; name = Base; path = Base.lproj/LaunchScreen.storyboard; sourceTree = "<group>"; };
		F7D1B2631E30B1E3008F2E16 /* Base */ = {isa = PBXFileReference; lastKnownFileType = file.storyboard; name = Base; path = Base.lproj/Main.storyboard; sourceTree = "<group>"; };
		F7D1B2641E30B1E3008F2E16 /* main.m */ = {isa = PBXFileReference; fileEncoding = 4; lastKnownFileType = sourcecode.c.objc; path = main.m; sourceTree = "<group>"; };
		F7D1B26B1E30B203008F2E16 /* RightViewController.h */ = {isa = PBXFileReference; fileEncoding = 4; lastKnownFileType = sourcecode.c.h; path = RightViewController.h; sourceTree = "<group>"; };
		F7D1B26C1E30B203008F2E16 /* RightViewController.m */ = {isa = PBXFileReference; fileEncoding = 4; lastKnownFileType = sourcecode.c.objc; path = RightViewController.m; sourceTree = "<group>"; };
		F7D1B26E1E30B20A008F2E16 /* LeftTableViewController.h */ = {isa = PBXFileReference; fileEncoding = 4; lastKnownFileType = sourcecode.c.h; path = LeftTableViewController.h; sourceTree = "<group>"; };
		F7D1B26F1E30B20A008F2E16 /* LeftTableViewController.m */ = {isa = PBXFileReference; fileEncoding = 4; lastKnownFileType = sourcecode.c.objc; path = LeftTableViewController.m; sourceTree = "<group>"; };
/* End PBXFileReference section */

/* Begin PBXFrameworksBuildPhase section */
		F7D1B2391E30AEE3008F2E16 /* Frameworks */ = {
			isa = PBXFrameworksBuildPhase;
			buildActionMask = 2147483647;
			files = (
			);
			runOnlyForDeploymentPostprocessing = 0;
		};
/* End PBXFrameworksBuildPhase section */

/* Begin PBXGroup section */
		F7D1B2331E30AEE3008F2E16 = {
			isa = PBXGroup;
			children = (
				F7D1B23E1E30AEE3008F2E16 /* MultiControllerTargetTest */,
				F7D1B23D1E30AEE3008F2E16 /* Products */,
			);
			sourceTree = "<group>";
		};
		F7D1B23D1E30AEE3008F2E16 /* Products */ = {
			isa = PBXGroup;
			children = (
				F7D1B23C1E30AEE3008F2E16 /* MultiControllerTargetTest.app */,
			);
			name = Products;
			sourceTree = "<group>";
		};
		F7D1B23E1E30AEE3008F2E16 /* MultiControllerTargetTest */ = {
			isa = PBXGroup;
			children = (
				F7D1B2561E30B1E3008F2E16 /* Classes */,
				F7D1B25C1E30B1E3008F2E16 /* SupportingFiles */,
			);
			path = MultiControllerTargetTest;
			sourceTree = "<group>";
		};
		F7D1B2561E30B1E3008F2E16 /* Classes */ = {
			isa = PBXGroup;
			children = (
				F7D1B2571E30B1E3008F2E16 /* Controllers */,
				F7D1B25A1E30B1E3008F2E16 /* Models */,
				F7D1B25B1E30B1E3008F2E16 /* Views */,
			);
			path = Classes;
			sourceTree = "<group>";
		};
		F7D1B2571E30B1E3008F2E16 /* Controllers */ = {
			isa = PBXGroup;
			children = (
				F7D1B2581E30B1E3008F2E16 /* ViewController.h */,
				F7D1B2591E30B1E3008F2E16 /* ViewController.m */,
				F7D1B26B1E30B203008F2E16 /* RightViewController.h */,
				F7D1B26C1E30B203008F2E16 /* RightViewController.m */,
				F7D1B26E1E30B20A008F2E16 /* LeftTableViewController.h */,
				F7D1B26F1E30B20A008F2E16 /* LeftTableViewController.m */,
			);
			path = Controllers;
			sourceTree = "<group>";
		};
		F7D1B25A1E30B1E3008F2E16 /* Models */ = {
			isa = PBXGroup;
			children = (
			);
			path = Models;
			sourceTree = "<group>";
		};
		F7D1B25B1E30B1E3008F2E16 /* Views */ = {
			isa = PBXGroup;
			children = (
			);
			path = Views;
			sourceTree = "<group>";
		};
		F7D1B25C1E30B1E3008F2E16 /* SupportingFiles */ = {
			isa = PBXGroup;
			children = (
				F7D1B2501E30AEE3008F2E16 /* Info.plist */,
				F7D1B25D1E30B1E3008F2E16 /* AppDelegate.h */,
				F7D1B25E1E30B1E3008F2E16 /* AppDelegate.m */,
				F7D1B25F1E30B1E3008F2E16 /* Assets.xcassets */,
				F7D1B2601E30B1E3008F2E16 /* LaunchScreen.storyboard */,
				F7D1B2621E30B1E3008F2E16 /* Main.storyboard */,
				F7D1B2641E30B1E3008F2E16 /* main.m */,
			);
			path = SupportingFiles;
			sourceTree = "<group>";
		};
/* End PBXGroup section */

/* Begin PBXNativeTarget section */
		F7D1B23B1E30AEE3008F2E16 /* MultiControllerTargetTest */ = {
			isa = PBXNativeTarget;
			buildConfigurationList = F7D1B2531E30AEE3008F2E16 /* Build configuration list for PBXNativeTarget "MultiControllerTargetTest" */;
			buildPhases = (
				F7D1B2381E30AEE3008F2E16 /* Sources */,
				F7D1B2391E30AEE3008F2E16 /* Frameworks */,
				F7D1B23A1E30AEE3008F2E16 /* Resources */,
			);
			buildRules = (
			);
			dependencies = (
			);
			name = MultiControllerTargetTest;
			productName = MultiControllerTargetTest;
			productReference = F7D1B23C1E30AEE3008F2E16 /* MultiControllerTargetTest.app */;
			productType = "com.apple.product-type.application";
		};
/* End PBXNativeTarget section */

/* Begin PBXProject section */
		F7D1B2341E30AEE3008F2E16 /* Project object */ = {
			isa = PBXProject;
			attributes = {
				LastUpgradeCheck = 0820;
				ORGANIZATIONNAME = ShenYj;
				TargetAttributes = {
					F7D1B23B1E30AEE3008F2E16 = {
						CreatedOnToolsVersion = 8.2.1;
						DevelopmentTeam = EC2EUS3UQ9;
						ProvisioningStyle = Automatic;
					};
				};
			};
			buildConfigurationList = F7D1B2371E30AEE3008F2E16 /* Build configuration list for PBXProject "MultiControllerTargetTest" */;
			compatibilityVersion = "Xcode 3.2";
			developmentRegion = English;
			hasScannedForEncodings = 0;
			knownRegions = (
				en,
				Base,
			);
			mainGroup = F7D1B2331E30AEE3008F2E16;
			productRefGroup = F7D1B23D1E30AEE3008F2E16 /* Products */;
			projectDirPath = "";
			projectRoot = "";
			targets = (
				F7D1B23B1E30AEE3008F2E16 /* MultiControllerTargetTest */,
			);
		};
/* End PBXProject section */

/* Begin PBXResourcesBuildPhase section */
		F7D1B23A1E30AEE3008F2E16 /* Resources */ = {
			isa = PBXResourcesBuildPhase;
			buildActionMask = 2147483647;
			files = (
				F7D1B2691E30B1E3008F2E16 /* Main.storyboard in Resources */,
				F7D1B2671E30B1E3008F2E16 /* Assets.xcassets in Resources */,
				F7D1B2681E30B1E3008F2E16 /* LaunchScreen.storyboard in Resources */,
			);
			runOnlyForDeploymentPostprocessing = 0;
		};
/* End PBXResourcesBuildPhase section */

/* Begin PBXSourcesBuildPhase section */
		F7D1B2381E30AEE3008F2E16 /* Sources */ = {
			isa = PBXSourcesBuildPhase;
			buildActionMask = 2147483647;
			files = (
				F7D1B2661E30B1E3008F2E16 /* AppDelegate.m in Sources */,
				F7D1B2701E30B20A008F2E16 /* LeftTableViewController.m in Sources */,
				F7D1B26D1E30B203008F2E16 /* RightViewController.m in Sources */,
				F7D1B26A1E30B1E3008F2E16 /* main.m in Sources */,
				F7D1B2651E30B1E3008F2E16 /* ViewController.m in Sources */,
			);
			runOnlyForDeploymentPostprocessing = 0;
		};
/* End PBXSourcesBuildPhase section */

/* Begin PBXVariantGroup section */
		F7D1B2601E30B1E3008F2E16 /* LaunchScreen.storyboard */ = {
			isa = PBXVariantGroup;
			children = (
				F7D1B2611E30B1E3008F2E16 /* Base */,
			);
			name = LaunchScreen.storyboard;
			sourceTree = "<group>";
		};
		F7D1B2621E30B1E3008F2E16 /* Main.storyboard */ = {
			isa = PBXVariantGroup;
			children = (
				F7D1B2631E30B1E3008F2E16 /* Base */,
			);
			name = Main.storyboard;
			sourceTree = "<group>";
		};
/* End PBXVariantGroup section */

/* Begin XCBuildConfiguration section */
		F7D1B2511E30AEE3008F2E16 /* Debug */ = {
			isa = XCBuildConfiguration;
			buildSettings = {
				ALWAYS_SEARCH_USER_PATHS = NO;
				CLANG_ANALYZER_NONNULL = YES;
				CLANG_CXX_LANGUAGE_STANDARD = "gnu++0x";
				CLANG_CXX_LIBRARY = "libc++";
				CLANG_ENABLE_MODULES = YES;
				CLANG_ENABLE_OBJC_ARC = YES;
				CLANG_WARN_BOOL_CONVERSION = YES;
				CLANG_WARN_CONSTANT_CONVERSION = YES;
				CLANG_WARN_DIRECT_OBJC_ISA_USAGE = YES_ERROR;
				CLANG_WARN_DOCUMENTATION_COMMENTS = YES;
				CLANG_WARN_EMPTY_BODY = YES;
				CLANG_WARN_ENUM_CONVERSION = YES;
				CLANG_WARN_INFINITE_RECURSION = YES;
				CLANG_WARN_INT_CONVERSION = YES;
				CLANG_WARN_OBJC_ROOT_CLASS = YES_ERROR;
				CLANG_WARN_SUSPICIOUS_MOVE = YES;
				CLANG_WARN_UNREACHABLE_CODE = YES;
				CLANG_WARN__DUPLICATE_METHOD_MATCH = YES;
				"CODE_SIGN_IDENTITY[sdk=iphoneos*]" = "iPhone Developer";
				COPY_PHASE_STRIP = NO;
				DEBUG_INFORMATION_FORMAT = dwarf;
				ENABLE_STRICT_OBJC_MSGSEND = YES;
				ENABLE_TESTABILITY = YES;
				GCC_C_LANGUAGE_STANDARD = gnu99;
				GCC_DYNAMIC_NO_PIC = NO;
				GCC_NO_COMMON_BLOCKS = YES;
				GCC_OPTIMIZATION_LEVEL = 0;
				GCC_PREPROCESSOR_DEFINITIONS = (
					"DEBUG=1",
					"$(inherited)",
				);
				GCC_WARN_64_TO_32_BIT_CONVERSION = YES;
				GCC_WARN_ABOUT_RETURN_TYPE = YES_ERROR;
				GCC_WARN_UNDECLARED_SELECTOR = YES;
				GCC_WARN_UNINITIALIZED_AUTOS = YES_AGGRESSIVE;
				GCC_WARN_UNUSED_FUNCTION = YES;
				GCC_WARN_UNUSED_VARIABLE = YES;
				IPHONEOS_DEPLOYMENT_TARGET = 10.2;
				MTL_ENABLE_DEBUG_INFO = YES;
				ONLY_ACTIVE_ARCH = YES;
				SDKROOT = iphoneos;
				TARGETED_DEVICE_FAMILY = "1,2";
			};
			name = Debug;
		};
		F7D1B2521E30AEE3008F2E16 /* Release */ = {
			isa = XCBuildConfiguration;
			buildSettings = {
				ALWAYS_SEARCH_USER_PATHS = NO;
				CLANG_ANALYZER_NONNULL = YES;
				CLANG_CXX_LANGUAGE_STANDARD = "gnu++0x";
				CLANG_CXX_LIBRARY = "libc++";
				CLANG_ENABLE_MODULES = YES;
				CLANG_ENABLE_OBJC_ARC = YES;
				CLANG_WARN_BOOL_CONVERSION = YES;
				CLANG_WARN_CONSTANT_CONVERSION = YES;
				CLANG_WARN_DIRECT_OBJC_ISA_USAGE = YES_ERROR;
				CLANG_WARN_DOCUMENTATION_COMMENTS = YES;
				CLANG_WARN_EMPTY_BODY = YES;
				CLANG_WARN_ENUM_CONVERSION = YES;
				CLANG_WARN_INFINITE_RECURSION = YES;
				CLANG_WARN_INT_CONVERSION = YES;
				CLANG_WARN_OBJC_ROOT_CLASS = YES_ERROR;
				CLANG_WARN_SUSPICIOUS_MOVE = YES;
				CLANG_WARN_UNREACHABLE_CODE = YES;
				CLANG_WARN__DUPLICATE_METHOD_MATCH = YES;
				"CODE_SIGN_IDENTITY[sdk=iphoneos*]" = "iPhone Developer";
				COPY_PHASE_STRIP = NO;
				DEBUG_INFORMATION_FORMAT = "dwarf-with-dsym";
				ENABLE_NS_ASSERTIONS = NO;
				ENABLE_STRICT_OBJC_MSGSEND = YES;
				GCC_C_LANGUAGE_STANDARD = gnu99;
				GCC_NO_COMMON_BLOCKS = YES;
				GCC_WARN_64_TO_32_BIT_CONVERSION = YES;
				GCC_WARN_ABOUT_RETURN_TYPE = YES_ERROR;
				GCC_WARN_UNDECLARED_SELECTOR = YES;
				GCC_WARN_UNINITIALIZED_AUTOS = YES_AGGRESSIVE;
				GCC_WARN_UNUSED_FUNCTION = YES;
				GCC_WARN_UNUSED_VARIABLE = YES;
				IPHONEOS_DEPLOYMENT_TARGET = 10.2;
				MTL_ENABLE_DEBUG_INFO = NO;
				SDKROOT = iphoneos;
				TARGETED_DEVICE_FAMILY = "1,2";
				VALIDATE_PRODUCT = YES;
			};
			name = Release;
		};
		F7D1B2541E30AEE3008F2E16 /* Debug */ = {
			isa = XCBuildConfiguration;
			buildSettings = {
				ASSETCATALOG_COMPILER_APPICON_NAME = AppIcon;
				DEVELOPMENT_TEAM = EC2EUS3UQ9;
				INFOPLIST_FILE = MultiControllerTargetTest/Info.plist;
				LD_RUNPATH_SEARCH_PATHS = "$(inherited) @executable_path/Frameworks";
				PRODUCT_BUNDLE_IDENTIFIER = com.ShenYj.MultiControllerTargetTest;
				PRODUCT_NAME = "$(TARGET_NAME)";
			};
			name = Debug;
		};
		F7D1B2551E30AEE3008F2E16 /* Release */ = {
			isa = XCBuildConfiguration;
			buildSettings = {
				ASSETCATALOG_COMPILER_APPICON_NAME = AppIcon;
				DEVELOPMENT_TEAM = EC2EUS3UQ9;
				INFOPLIST_FILE = MultiControllerTargetTest/Info.plist;
				LD_RUNPATH_SEARCH_PATHS = "$(inherited) @executable_path/Frameworks";
				PRODUCT_BUNDLE_IDENTIFIER = com.ShenYj.MultiControllerTargetTest;
				PRODUCT_NAME = "$(TARGET_NAME)";
			};
			name = Release;
		};
/* End XCBuildConfiguration section */

/* Begin XCConfigurationList section */
		F7D1B2371E30AEE3008F2E16 /* Build configuration list for PBXProject "MultiControllerTargetTest" */ = {
			isa = XCConfigurationList;
			buildConfigurations = (
				F7D1B2511E30AEE3008F2E16 /* Debug */,
				F7D1B2521E30AEE3008F2E16 /* Release */,
			);
			defaultConfigurationIsVisible = 0;
			defaultConfigurationName = Release;
		};
		F7D1B2531E30AEE3008F2E16 /* Build configuration list for PBXNativeTarget "MultiControllerTargetTest" */ = {
			isa = XCConfigurationList;
			buildConfigurations = (
				F7D1B2541E30AEE3008F2E16 /* Debug */,
				F7D1B2551E30AEE3008F2E16 /* Release */,
			);
			defaultConfigurationIsVisible = 0;
		};
/* End XCConfigurationList section */
	};
	rootObject = F7D1B2341E30AEE3008F2E16 /* Project object */;
}
