// !$*UTF8*$!
{
	archiveVersion = 1;
	classes = {
	};
	objectVersion = 46;
	objects = {

/* Begin PBXBuildFile section */
		F793F59A1D3CAF6000CF2580 /* AppDelegate.swift in Sources */ = {isa = PBXBuildFile; fileRef = F793F5991D3CAF6000CF2580 /* AppDelegate.swift */; };
		F793F59F1D3CAF6000CF2580 /* Main.storyboard in Resources */ = {isa = PBXBuildFile; fileRef = F793F59D1D3CAF6000CF2580 /* Main.storyboard */; };
		F793F5A11D3CAF6000CF2580 /* Assets.xcassets in Resources */ = {isa = PBXBuildFile; fileRef = F793F5A01D3CAF6000CF2580 /* Assets.xcassets */; };
		F793F5A41D3CAF6000CF2580 /* LaunchScreen.storyboard in Resources */ = {isa = PBXBuildFile; fileRef = F793F5A21D3CAF6000CF2580 /* LaunchScreen.storyboard */; };
		F793F5AC1D3CAFB000CF2580 /* FirstViewController.swift in Sources */ = {isa = PBXBuildFile; fileRef = F793F5AB1D3CAFB000CF2580 /* FirstViewController.swift */; };
		F793F5AE1D3CAFB800CF2580 /* SecondViewController.swift in Sources */ = {isa = PBXBuildFile; fileRef = F793F5AD1D3CAFB800CF2580 /* SecondViewController.swift */; };
		F793F5B01D3CB1E200CF2580 /* skin in Resources */ = {isa = PBXBuildFile; fileRef = F793F5AF1D3CB1E200CF2580 /* skin */; };
		F793F5BA1D3CCCB700CF2580 /* ChangeSkinTool.swift in Sources */ = {isa = PBXBuildFile; fileRef = F793F5B91D3CCCB700CF2580 /* ChangeSkinTool.swift */; };
/* End PBXBuildFile section */

/* Begin PBXFileReference section */
		F793F5961D3CAF6000CF2580 /* 换肤.app */ = {isa = PBXFileReference; explicitFileType = wrapper.application; includeInIndex = 0; path = "换肤.app"; sourceTree = BUILT_PRODUCTS_DIR; };
		F793F5991D3CAF6000CF2580 /* AppDelegate.swift */ = {isa = PBXFileReference; lastKnownFileType = sourcecode.swift; path = AppDelegate.swift; sourceTree = "<group>"; };
		F793F59E1D3CAF6000CF2580 /* Base */ = {isa = PBXFileReference; lastKnownFileType = file.storyboard; name = Base; path = Base.lproj/Main.storyboard; sourceTree = "<group>"; };
		F793F5A01D3CAF6000CF2580 /* Assets.xcassets */ = {isa = PBXFileReference; lastKnownFileType = folder.assetcatalog; path = Assets.xcassets; sourceTree = "<group>"; };
		F793F5A31D3CAF6000CF2580 /* Base */ = {isa = PBXFileReference; lastKnownFileType = file.storyboard; name = Base; path = Base.lproj/LaunchScreen.storyboard; sourceTree = "<group>"; };
		F793F5A51D3CAF6000CF2580 /* Info.plist */ = {isa = PBXFileReference; lastKnownFileType = text.plist.xml; path = Info.plist; sourceTree = "<group>"; };
		F793F5AB1D3CAFB000CF2580 /* FirstViewController.swift */ = {isa = PBXFileReference; fileEncoding = 4; lastKnownFileType = sourcecode.swift; path = FirstViewController.swift; sourceTree = "<group>"; };
		F793F5AD1D3CAFB800CF2580 /* SecondViewController.swift */ = {isa = PBXFileReference; fileEncoding = 4; lastKnownFileType = sourcecode.swift; path = SecondViewController.swift; sourceTree = "<group>"; };
		F793F5AF1D3CB1E200CF2580 /* skin */ = {isa = PBXFileReference; lastKnownFileType = folder; path = skin; sourceTree = "<group>"; };
		F793F5B91D3CCCB700CF2580 /* ChangeSkinTool.swift */ = {isa = PBXFileReference; fileEncoding = 4; lastKnownFileType = sourcecode.swift; path = ChangeSkinTool.swift; sourceTree = "<group>"; };
/* End PBXFileReference section */

/* Begin PBXFrameworksBuildPhase section */
		F793F5931D3CAF6000CF2580 /* Frameworks */ = {
			isa = PBXFrameworksBuildPhase;
			buildActionMask = 2147483647;
			files = (
			);
			runOnlyForDeploymentPostprocessing = 0;
		};
/* End PBXFrameworksBuildPhase section */

/* Begin PBXGroup section */
		F793F58D1D3CAF6000CF2580 = {
			isa = PBXGroup;
			children = (
				F793F5981D3CAF6000CF2580 /* 换肤 */,
				F793F5971D3CAF6000CF2580 /* Products */,
			);
			sourceTree = "<group>";
		};
		F793F5971D3CAF6000CF2580 /* Products */ = {
			isa = PBXGroup;
			children = (
				F793F5961D3CAF6000CF2580 /* 换肤.app */,
			);
			name = Products;
			sourceTree = "<group>";
		};
		F793F5981D3CAF6000CF2580 /* 换肤 */ = {
			isa = PBXGroup;
			children = (
				F793F5991D3CAF6000CF2580 /* AppDelegate.swift */,
				F793F59D1D3CAF6000CF2580 /* Main.storyboard */,
				F793F5AB1D3CAFB000CF2580 /* FirstViewController.swift */,
				F793F5AD1D3CAFB800CF2580 /* SecondViewController.swift */,
				F793F5B91D3CCCB700CF2580 /* ChangeSkinTool.swift */,
				F793F5A01D3CAF6000CF2580 /* Assets.xcassets */,
				F793F5A21D3CAF6000CF2580 /* LaunchScreen.storyboard */,
				F793F5A51D3CAF6000CF2580 /* Info.plist */,
				F793F5AF1D3CB1E200CF2580 /* skin */,
			);
			path = "换肤";
			sourceTree = "<group>";
		};
/* End PBXGroup section */

/* Begin PBXNativeTarget section */
		F793F5951D3CAF6000CF2580 /* 换肤 */ = {
			isa = PBXNativeTarget;
			buildConfigurationList = F793F5A81D3CAF6000CF2580 /* Build configuration list for PBXNativeTarget "换肤" */;
			buildPhases = (
				F793F5921D3CAF6000CF2580 /* Sources */,
				F793F5931D3CAF6000CF2580 /* Frameworks */,
				F793F5941D3CAF6000CF2580 /* Resources */,
			);
			buildRules = (
			);
			dependencies = (
			);
			name = "换肤";
			productName = "换肤";
			productReference = F793F5961D3CAF6000CF2580 /* 换肤.app */;
			productType = "com.apple.product-type.application";
		};
/* End PBXNativeTarget section */

/* Begin PBXProject section */
		F793F58E1D3CAF6000CF2580 /* Project object */ = {
			isa = PBXProject;
			attributes = {
				LastSwiftUpdateCheck = 0730;
				LastUpgradeCheck = 0730;
				ORGANIZATIONNAME = "___ShenYJ___";
				TargetAttributes = {
					F793F5951D3CAF6000CF2580 = {
						CreatedOnToolsVersion = 7.3.1;
						DevelopmentTeam = KS5QTFAS57;
					};
				};
			};
			buildConfigurationList = F793F5911D3CAF6000CF2580 /* Build configuration list for PBXProject "换肤" */;
			compatibilityVersion = "Xcode 3.2";
			developmentRegion = English;
			hasScannedForEncodings = 0;
			knownRegions = (
				en,
				Base,
			);
			mainGroup = F793F58D1D3CAF6000CF2580;
			productRefGroup = F793F5971D3CAF6000CF2580 /* Products */;
			projectDirPath = "";
			projectRoot = "";
			targets = (
				F793F5951D3CAF6000CF2580 /* 换肤 */,
			);
		};
/* End PBXProject section */

/* Begin PBXResourcesBuildPhase section */
		F793F5941D3CAF6000CF2580 /* Resources */ = {
			isa = PBXResourcesBuildPhase;
			buildActionMask = 2147483647;
			files = (
				F793F5A41D3CAF6000CF2580 /* LaunchScreen.storyboard in Resources */,
				F793F5B01D3CB1E200CF2580 /* skin in Resources */,
				F793F5A11D3CAF6000CF2580 /* Assets.xcassets in Resources */,
				F793F59F1D3CAF6000CF2580 /* Main.storyboard in Resources */,
			);
			runOnlyForDeploymentPostprocessing = 0;
		};
/* End PBXResourcesBuildPhase section */

/* Begin PBXSourcesBuildPhase section */
		F793F5921D3CAF6000CF2580 /* Sources */ = {
			isa = PBXSourcesBuildPhase;
			buildActionMask = 2147483647;
			files = (
				F793F5BA1D3CCCB700CF2580 /* ChangeSkinTool.swift in Sources */,
				F793F5AE1D3CAFB800CF2580 /* SecondViewController.swift in Sources */,
				F793F59A1D3CAF6000CF2580 /* AppDelegate.swift in Sources */,
				F793F5AC1D3CAFB000CF2580 /* FirstViewController.swift in Sources */,
			);
			runOnlyForDeploymentPostprocessing = 0;
		};
/* End PBXSourcesBuildPhase section */

/* Begin PBXVariantGroup section */
		F793F59D1D3CAF6000CF2580 /* Main.storyboard */ = {
			isa = PBXVariantGroup;
			children = (
				F793F59E1D3CAF6000CF2580 /* Base */,
			);
			name = Main.storyboard;
			sourceTree = "<group>";
		};
		F793F5A21D3CAF6000CF2580 /* LaunchScreen.storyboard */ = {
			isa = PBXVariantGroup;
			children = (
				F793F5A31D3CAF6000CF2580 /* Base */,
			);
			name = LaunchScreen.storyboard;
			sourceTree = "<group>";
		};
/* End PBXVariantGroup section */

/* Begin XCBuildConfiguration section */
		F793F5A61D3CAF6000CF2580 /* Debug */ = {
			isa = XCBuildConfiguration;
			buildSettings = {
				ALWAYS_SEARCH_USER_PATHS = NO;
				CLANG_ANALYZER_NONNULL = YES;
				CLANG_CXX_LANGUAGE_STANDARD = "gnu++0x";
				CLANG_CXX_LIBRARY = "libc++";
				CLANG_ENABLE_MODULES = YES;
				CLANG_ENABLE_OBJC_ARC = YES;
				CLANG_WARN_BOOL_CONVERSION = YES;
				CLANG_WARN_CONSTANT_CONVERSION = YES;
				CLANG_WARN_DIRECT_OBJC_ISA_USAGE = YES_ERROR;
				CLANG_WARN_EMPTY_BODY = YES;
				CLANG_WARN_ENUM_CONVERSION = YES;
				CLANG_WARN_INT_CONVERSION = YES;
				CLANG_WARN_OBJC_ROOT_CLASS = YES_ERROR;
				CLANG_WARN_UNREACHABLE_CODE = YES;
				CLANG_WARN__DUPLICATE_METHOD_MATCH = YES;
				"CODE_SIGN_IDENTITY[sdk=iphoneos*]" = "iPhone Developer";
				COPY_PHASE_STRIP = NO;
				DEBUG_INFORMATION_FORMAT = dwarf;
				ENABLE_STRICT_OBJC_MSGSEND = YES;
				ENABLE_TESTABILITY = YES;
				GCC_C_LANGUAGE_STANDARD = gnu99;
				GCC_DYNAMIC_NO_PIC = NO;
				GCC_NO_COMMON_BLOCKS = YES;
				GCC_OPTIMIZATION_LEVEL = 0;
				GCC_PREPROCESSOR_DEFINITIONS = (
					"DEBUG=1",
					"$(inherited)",
				);
				GCC_WARN_64_TO_32_BIT_CONVERSION = YES;
				GCC_WARN_ABOUT_RETURN_TYPE = YES_ERROR;
				GCC_WARN_UNDECLARED_SELECTOR = YES;
				GCC_WARN_UNINITIALIZED_AUTOS = YES_AGGRESSIVE;
				GCC_WARN_UNUSED_FUNCTION = YES;
				GCC_WARN_UNUSED_VARIABLE = YES;
				IPHONEOS_DEPLOYMENT_TARGET = 9.3;
				MTL_ENABLE_DEBUG_INFO = YES;
				ONLY_ACTIVE_ARCH = YES;
				SDKROOT = iphoneos;
				SWIFT_OPTIMIZATION_LEVEL = "-Onone";
			};
			name = Debug;
		};
		F793F5A71D3CAF6000CF2580 /* Release */ = {
			isa = XCBuildConfiguration;
			buildSettings = {
				ALWAYS_SEARCH_USER_PATHS = NO;
				CLANG_ANALYZER_NONNULL = YES;
				CLANG_CXX_LANGUAGE_STANDARD = "gnu++0x";
				CLANG_CXX_LIBRARY = "libc++";
				CLANG_ENABLE_MODULES = YES;
				CLANG_ENABLE_OBJC_ARC = YES;
				CLANG_WARN_BOOL_CONVERSION = YES;
				CLANG_WARN_CONSTANT_CONVERSION = YES;
				CLANG_WARN_DIRECT_OBJC_ISA_USAGE = YES_ERROR;
				CLANG_WARN_EMPTY_BODY = YES;
				CLANG_WARN_ENUM_CONVERSION = YES;
				CLANG_WARN_INT_CONVERSION = YES;
				CLANG_WARN_OBJC_ROOT_CLASS = YES_ERROR;
				CLANG_WARN_UNREACHABLE_CODE = YES;
				CLANG_WARN__DUPLICATE_METHOD_MATCH = YES;
				"CODE_SIGN_IDENTITY[sdk=iphoneos*]" = "iPhone Developer";
				COPY_PHASE_STRIP = NO;
				DEBUG_INFORMATION_FORMAT = "dwarf-with-dsym";
				ENABLE_NS_ASSERTIONS = NO;
				ENABLE_STRICT_OBJC_MSGSEND = YES;
				GCC_C_LANGUAGE_STANDARD = gnu99;
				GCC_NO_COMMON_BLOCKS = YES;
				GCC_WARN_64_TO_32_BIT_CONVERSION = YES;
				GCC_WARN_ABOUT_RETURN_TYPE = YES_ERROR;
				GCC_WARN_UNDECLARED_SELECTOR = YES;
				GCC_WARN_UNINITIALIZED_AUTOS = YES_AGGRESSIVE;
				GCC_WARN_UNUSED_FUNCTION = YES;
				GCC_WARN_UNUSED_VARIABLE = YES;
				IPHONEOS_DEPLOYMENT_TARGET = 9.3;
				MTL_ENABLE_DEBUG_INFO = NO;
				SDKROOT = iphoneos;
				VALIDATE_PRODUCT = YES;
			};
			name = Release;
		};
		F793F5A91D3CAF6000CF2580 /* Debug */ = {
			isa = XCBuildConfiguration;
			buildSettings = {
				ASSETCATALOG_COMPILER_APPICON_NAME = AppIcon;
				INFOPLIST_FILE = "换肤/Info.plist";
				LD_RUNPATH_SEARCH_PATHS = "$(inherited) @executable_path/Frameworks";
				PRODUCT_BUNDLE_IDENTIFIER = "---ShenYJ---.--";
				PRODUCT_NAME = "$(TARGET_NAME)";
			};
			name = Debug;
		};
		F793F5AA1D3CAF6000CF2580 /* Release */ = {
			isa = XCBuildConfiguration;
			buildSettings = {
				ASSETCATALOG_COMPILER_APPICON_NAME = AppIcon;
				INFOPLIST_FILE = "换肤/Info.plist";
				LD_RUNPATH_SEARCH_PATHS = "$(inherited) @executable_path/Frameworks";
				PRODUCT_BUNDLE_IDENTIFIER = "---ShenYJ---.--";
				PRODUCT_NAME = "$(TARGET_NAME)";
			};
			name = Release;
		};
/* End XCBuildConfiguration section */

/* Begin XCConfigurationList section */
		F793F5911D3CAF6000CF2580 /* Build configuration list for PBXProject "换肤" */ = {
			isa = XCConfigurationList;
			buildConfigurations = (
				F793F5A61D3CAF6000CF2580 /* Debug */,
				F793F5A71D3CAF6000CF2580 /* Release */,
			);
			defaultConfigurationIsVisible = 0;
			defaultConfigurationName = Release;
		};
		F793F5A81D3CAF6000CF2580 /* Build configuration list for PBXNativeTarget "换肤" */ = {
			isa = XCConfigurationList;
			buildConfigurations = (
				F793F5A91D3CAF6000CF2580 /* Debug */,
				F793F5AA1D3CAF6000CF2580 /* Release */,
			);
			defaultConfigurationIsVisible = 0;
		};
/* End XCConfigurationList section */
	};
	rootObject = F793F58E1D3CAF6000CF2580 /* Project object */;
}
