// !$*UTF8*$!
{
	archiveVersion = 1;
	classes = {
	};
	objectVersion = 46;
	objects = {

/* Begin PBXBuildFile section */
		F74E0AA61E4D37510054A416 /* main.m in Sources */ = {isa = PBXBuildFile; fileRef = F74E0AA51E4D37510054A416 /* main.m */; };
		F74E0AA91E4D37510054A416 /* AppDelegate.m in Sources */ = {isa = PBXBuildFile; fileRef = F74E0AA81E4D37510054A416 /* AppDelegate.m */; };
		F74E0AAC1E4D37510054A416 /* ViewController.m in Sources */ = {isa = PBXBuildFile; fileRef = F74E0AAB1E4D37510054A416 /* ViewController.m */; };
		F74E0AAF1E4D37510054A416 /* Main.storyboard in Resources */ = {isa = PBXBuildFile; fileRef = F74E0AAD1E4D37510054A416 /* Main.storyboard */; };
		F74E0AB11E4D37510054A416 /* Assets.xcassets in Resources */ = {isa = PBXBuildFile; fileRef = F74E0AB01E4D37510054A416 /* Assets.xcassets */; };
		F74E0AB41E4D37510054A416 /* LaunchScreen.storyboard in Resources */ = {isa = PBXBuildFile; fileRef = F74E0AB21E4D37510054A416 /* LaunchScreen.storyboard */; };
		F74E0AC31E4D43210054A416 /* main.m in Sources */ = {isa = PBXBuildFile; fileRef = F74E0AC21E4D43210054A416 /* main.m */; };
		F74E0AC61E4D43210054A416 /* AppDelegate.m in Sources */ = {isa = PBXBuildFile; fileRef = F74E0AC51E4D43210054A416 /* AppDelegate.m */; };
		F74E0AC91E4D43210054A416 /* ViewController.m in Sources */ = {isa = PBXBuildFile; fileRef = F74E0AC81E4D43210054A416 /* ViewController.m */; };
		F74E0ACC1E4D43210054A416 /* Main.storyboard in Resources */ = {isa = PBXBuildFile; fileRef = F74E0ACA1E4D43210054A416 /* Main.storyboard */; };
		F74E0ACE1E4D43210054A416 /* Assets.xcassets in Resources */ = {isa = PBXBuildFile; fileRef = F74E0ACD1E4D43210054A416 /* Assets.xcassets */; };
		F74E0AD11E4D43210054A416 /* LaunchScreen.storyboard in Resources */ = {isa = PBXBuildFile; fileRef = F74E0ACF1E4D43210054A416 /* LaunchScreen.storyboard */; };
		F74E0ADE1E4EA9E30054A416 /* main.m in Sources */ = {isa = PBXBuildFile; fileRef = F74E0ADD1E4EA9E30054A416 /* main.m */; };
		F74E0AE11E4EA9E30054A416 /* AppDelegate.m in Sources */ = {isa = PBXBuildFile; fileRef = F74E0AE01E4EA9E30054A416 /* AppDelegate.m */; };
		F74E0AE41E4EA9E30054A416 /* ViewController.m in Sources */ = {isa = PBXBuildFile; fileRef = F74E0AE31E4EA9E30054A416 /* ViewController.m */; };
		F74E0AE71E4EA9E30054A416 /* Main.storyboard in Resources */ = {isa = PBXBuildFile; fileRef = F74E0AE51E4EA9E30054A416 /* Main.storyboard */; };
		F74E0AE91E4EA9E30054A416 /* Assets.xcassets in Resources */ = {isa = PBXBuildFile; fileRef = F74E0AE81E4EA9E30054A416 /* Assets.xcassets */; };
		F74E0AEC1E4EA9E30054A416 /* LaunchScreen.storyboard in Resources */ = {isa = PBXBuildFile; fileRef = F74E0AEA1E4EA9E30054A416 /* LaunchScreen.storyboard */; };
		F74E0AF91E4EAF700054A416 /* main.m in Sources */ = {isa = PBXBuildFile; fileRef = F74E0AF81E4EAF700054A416 /* main.m */; };
		F74E0AFC1E4EAF700054A416 /* AppDelegate.m in Sources */ = {isa = PBXBuildFile; fileRef = F74E0AFB1E4EAF700054A416 /* AppDelegate.m */; };
		F74E0AFF1E4EAF700054A416 /* ViewController.m in Sources */ = {isa = PBXBuildFile; fileRef = F74E0AFE1E4EAF700054A416 /* ViewController.m */; };
		F74E0B021E4EAF700054A416 /* Main.storyboard in Resources */ = {isa = PBXBuildFile; fileRef = F74E0B001E4EAF700054A416 /* Main.storyboard */; };
		F74E0B041E4EAF700054A416 /* Assets.xcassets in Resources */ = {isa = PBXBuildFile; fileRef = F74E0B031E4EAF700054A416 /* Assets.xcassets */; };
		F74E0B071E4EAF700054A416 /* LaunchScreen.storyboard in Resources */ = {isa = PBXBuildFile; fileRef = F74E0B051E4EAF700054A416 /* LaunchScreen.storyboard */; };
		F74E0B141E4FF62C0054A416 /* main.m in Sources */ = {isa = PBXBuildFile; fileRef = F74E0B131E4FF62C0054A416 /* main.m */; };
		F74E0B171E4FF62C0054A416 /* AppDelegate.m in Sources */ = {isa = PBXBuildFile; fileRef = F74E0B161E4FF62C0054A416 /* AppDelegate.m */; };
		F74E0B1A1E4FF62C0054A416 /* ViewController.m in Sources */ = {isa = PBXBuildFile; fileRef = F74E0B191E4FF62C0054A416 /* ViewController.m */; };
		F74E0B1D1E4FF62C0054A416 /* Main.storyboard in Resources */ = {isa = PBXBuildFile; fileRef = F74E0B1B1E4FF62C0054A416 /* Main.storyboard */; };
		F74E0B1F1E4FF62C0054A416 /* Assets.xcassets in Resources */ = {isa = PBXBuildFile; fileRef = F74E0B1E1E4FF62C0054A416 /* Assets.xcassets */; };
		F74E0B221E4FF62C0054A416 /* LaunchScreen.storyboard in Resources */ = {isa = PBXBuildFile; fileRef = F74E0B201E4FF62C0054A416 /* LaunchScreen.storyboard */; };
		F74E0B321E503AED0054A416 /* main.m in Sources */ = {isa = PBXBuildFile; fileRef = F74E0B311E503AED0054A416 /* main.m */; };
		F74E0B351E503AED0054A416 /* AppDelegate.m in Sources */ = {isa = PBXBuildFile; fileRef = F74E0B341E503AED0054A416 /* AppDelegate.m */; };
		F74E0B381E503AED0054A416 /* ViewController.m in Sources */ = {isa = PBXBuildFile; fileRef = F74E0B371E503AED0054A416 /* ViewController.m */; };
		F74E0B3B1E503AED0054A416 /* Main.storyboard in Resources */ = {isa = PBXBuildFile; fileRef = F74E0B391E503AED0054A416 /* Main.storyboard */; };
		F74E0B3D1E503AED0054A416 /* Assets.xcassets in Resources */ = {isa = PBXBuildFile; fileRef = F74E0B3C1E503AED0054A416 /* Assets.xcassets */; };
		F74E0B401E503AED0054A416 /* LaunchScreen.storyboard in Resources */ = {isa = PBXBuildFile; fileRef = F74E0B3E1E503AED0054A416 /* LaunchScreen.storyboard */; };
		F74E0B471E503B0E0054A416 /* JSLayerLabel.m in Sources */ = {isa = PBXBuildFile; fileRef = F74E0B461E503B0E0054A416 /* JSLayerLabel.m */; };
		F74E0B501E5147A30054A416 /* main.m in Sources */ = {isa = PBXBuildFile; fileRef = F74E0B4F1E5147A30054A416 /* main.m */; };
		F74E0B531E5147A30054A416 /* AppDelegate.m in Sources */ = {isa = PBXBuildFile; fileRef = F74E0B521E5147A30054A416 /* AppDelegate.m */; };
		F74E0B561E5147A30054A416 /* ViewController.m in Sources */ = {isa = PBXBuildFile; fileRef = F74E0B551E5147A30054A416 /* ViewController.m */; };
		F74E0B591E5147A30054A416 /* Main.storyboard in Resources */ = {isa = PBXBuildFile; fileRef = F74E0B571E5147A30054A416 /* Main.storyboard */; };
		F74E0B5B1E5147A30054A416 /* Assets.xcassets in Resources */ = {isa = PBXBuildFile; fileRef = F74E0B5A1E5147A30054A416 /* Assets.xcassets */; };
		F74E0B5E1E5147A30054A416 /* LaunchScreen.storyboard in Resources */ = {isa = PBXBuildFile; fileRef = F74E0B5C1E5147A30054A416 /* LaunchScreen.storyboard */; };
/* End PBXBuildFile section */

/* Begin PBXFileReference section */
		F74E0AA11E4D37510054A416 /* transform.app */ = {isa = PBXFileReference; explicitFileType = wrapper.application; includeInIndex = 0; path = transform.app; sourceTree = BUILT_PRODUCTS_DIR; };
		F74E0AA51E4D37510054A416 /* main.m */ = {isa = PBXFileReference; lastKnownFileType = sourcecode.c.objc; path = main.m; sourceTree = "<group>"; };
		F74E0AA71E4D37510054A416 /* AppDelegate.h */ = {isa = PBXFileReference; lastKnownFileType = sourcecode.c.h; path = AppDelegate.h; sourceTree = "<group>"; };
		F74E0AA81E4D37510054A416 /* AppDelegate.m */ = {isa = PBXFileReference; lastKnownFileType = sourcecode.c.objc; path = AppDelegate.m; sourceTree = "<group>"; };
		F74E0AAA1E4D37510054A416 /* ViewController.h */ = {isa = PBXFileReference; lastKnownFileType = sourcecode.c.h; path = ViewController.h; sourceTree = "<group>"; };
		F74E0AAB1E4D37510054A416 /* ViewController.m */ = {isa = PBXFileReference; lastKnownFileType = sourcecode.c.objc; path = ViewController.m; sourceTree = "<group>"; };
		F74E0AAE1E4D37510054A416 /* Base */ = {isa = PBXFileReference; lastKnownFileType = file.storyboard; name = Base; path = Base.lproj/Main.storyboard; sourceTree = "<group>"; };
		F74E0AB01E4D37510054A416 /* Assets.xcassets */ = {isa = PBXFileReference; lastKnownFileType = folder.assetcatalog; path = Assets.xcassets; sourceTree = "<group>"; };
		F74E0AB31E4D37510054A416 /* Base */ = {isa = PBXFileReference; lastKnownFileType = file.storyboard; name = Base; path = Base.lproj/LaunchScreen.storyboard; sourceTree = "<group>"; };
		F74E0AB51E4D37510054A416 /* Info.plist */ = {isa = PBXFileReference; lastKnownFileType = text.plist.xml; path = Info.plist; sourceTree = "<group>"; };
		F74E0ABF1E4D43210054A416 /* 3DTransform.app */ = {isa = PBXFileReference; explicitFileType = wrapper.application; includeInIndex = 0; path = 3DTransform.app; sourceTree = BUILT_PRODUCTS_DIR; };
		F74E0AC21E4D43210054A416 /* main.m */ = {isa = PBXFileReference; lastKnownFileType = sourcecode.c.objc; path = main.m; sourceTree = "<group>"; };
		F74E0AC41E4D43210054A416 /* AppDelegate.h */ = {isa = PBXFileReference; lastKnownFileType = sourcecode.c.h; path = AppDelegate.h; sourceTree = "<group>"; };
		F74E0AC51E4D43210054A416 /* AppDelegate.m */ = {isa = PBXFileReference; lastKnownFileType = sourcecode.c.objc; path = AppDelegate.m; sourceTree = "<group>"; };
		F74E0AC71E4D43210054A416 /* ViewController.h */ = {isa = PBXFileReference; lastKnownFileType = sourcecode.c.h; path = ViewController.h; sourceTree = "<group>"; };
		F74E0AC81E4D43210054A416 /* ViewController.m */ = {isa = PBXFileReference; lastKnownFileType = sourcecode.c.objc; path = ViewController.m; sourceTree = "<group>"; };
		F74E0ACB1E4D43210054A416 /* Base */ = {isa = PBXFileReference; lastKnownFileType = file.storyboard; name = Base; path = Base.lproj/Main.storyboard; sourceTree = "<group>"; };
		F74E0ACD1E4D43210054A416 /* Assets.xcassets */ = {isa = PBXFileReference; lastKnownFileType = folder.assetcatalog; path = Assets.xcassets; sourceTree = "<group>"; };
		F74E0AD01E4D43210054A416 /* Base */ = {isa = PBXFileReference; lastKnownFileType = file.storyboard; name = Base; path = Base.lproj/LaunchScreen.storyboard; sourceTree = "<group>"; };
		F74E0AD21E4D43210054A416 /* Info.plist */ = {isa = PBXFileReference; lastKnownFileType = text.plist.xml; path = Info.plist; sourceTree = "<group>"; };
		F74E0ADA1E4EA9E30054A416 /* sublayerTransform.app */ = {isa = PBXFileReference; explicitFileType = wrapper.application; includeInIndex = 0; path = sublayerTransform.app; sourceTree = BUILT_PRODUCTS_DIR; };
		F74E0ADD1E4EA9E30054A416 /* main.m */ = {isa = PBXFileReference; lastKnownFileType = sourcecode.c.objc; path = main.m; sourceTree = "<group>"; };
		F74E0ADF1E4EA9E30054A416 /* AppDelegate.h */ = {isa = PBXFileReference; lastKnownFileType = sourcecode.c.h; path = AppDelegate.h; sourceTree = "<group>"; };
		F74E0AE01E4EA9E30054A416 /* AppDelegate.m */ = {isa = PBXFileReference; lastKnownFileType = sourcecode.c.objc; path = AppDelegate.m; sourceTree = "<group>"; };
		F74E0AE21E4EA9E30054A416 /* ViewController.h */ = {isa = PBXFileReference; lastKnownFileType = sourcecode.c.h; path = ViewController.h; sourceTree = "<group>"; };
		F74E0AE31E4EA9E30054A416 /* ViewController.m */ = {isa = PBXFileReference; lastKnownFileType = sourcecode.c.objc; path = ViewController.m; sourceTree = "<group>"; };
		F74E0AE61E4EA9E30054A416 /* Base */ = {isa = PBXFileReference; lastKnownFileType = file.storyboard; name = Base; path = Base.lproj/Main.storyboard; sourceTree = "<group>"; };
		F74E0AE81E4EA9E30054A416 /* Assets.xcassets */ = {isa = PBXFileReference; lastKnownFileType = folder.assetcatalog; path = Assets.xcassets; sourceTree = "<group>"; };
		F74E0AEB1E4EA9E30054A416 /* Base */ = {isa = PBXFileReference; lastKnownFileType = file.storyboard; name = Base; path = Base.lproj/LaunchScreen.storyboard; sourceTree = "<group>"; };
		F74E0AED1E4EA9E30054A416 /* Info.plist */ = {isa = PBXFileReference; lastKnownFileType = text.plist.xml; path = Info.plist; sourceTree = "<group>"; };
		F74E0AF51E4EAF700054A416 /* 扁平化图层.app */ = {isa = PBXFileReference; explicitFileType = wrapper.application; includeInIndex = 0; path = "扁平化图层.app"; sourceTree = BUILT_PRODUCTS_DIR; };
		F74E0AF81E4EAF700054A416 /* main.m */ = {isa = PBXFileReference; lastKnownFileType = sourcecode.c.objc; path = main.m; sourceTree = "<group>"; };
		F74E0AFA1E4EAF700054A416 /* AppDelegate.h */ = {isa = PBXFileReference; lastKnownFileType = sourcecode.c.h; path = AppDelegate.h; sourceTree = "<group>"; };
		F74E0AFB1E4EAF700054A416 /* AppDelegate.m */ = {isa = PBXFileReference; lastKnownFileType = sourcecode.c.objc; path = AppDelegate.m; sourceTree = "<group>"; };
		F74E0AFD1E4EAF700054A416 /* ViewController.h */ = {isa = PBXFileReference; lastKnownFileType = sourcecode.c.h; path = ViewController.h; sourceTree = "<group>"; };
		F74E0AFE1E4EAF700054A416 /* ViewController.m */ = {isa = PBXFileReference; lastKnownFileType = sourcecode.c.objc; path = ViewController.m; sourceTree = "<group>"; };
		F74E0B011E4EAF700054A416 /* Base */ = {isa = PBXFileReference; lastKnownFileType = file.storyboard; name = Base; path = Base.lproj/Main.storyboard; sourceTree = "<group>"; };
		F74E0B031E4EAF700054A416 /* Assets.xcassets */ = {isa = PBXFileReference; lastKnownFileType = folder.assetcatalog; path = Assets.xcassets; sourceTree = "<group>"; };
		F74E0B061E4EAF700054A416 /* Base */ = {isa = PBXFileReference; lastKnownFileType = file.storyboard; name = Base; path = Base.lproj/LaunchScreen.storyboard; sourceTree = "<group>"; };
		F74E0B081E4EAF700054A416 /* Info.plist */ = {isa = PBXFileReference; lastKnownFileType = text.plist.xml; path = Info.plist; sourceTree = "<group>"; };
		F74E0B101E4FF62B0054A416 /* CATextLayer.app */ = {isa = PBXFileReference; explicitFileType = wrapper.application; includeInIndex = 0; path = CATextLayer.app; sourceTree = BUILT_PRODUCTS_DIR; };
		F74E0B131E4FF62C0054A416 /* main.m */ = {isa = PBXFileReference; lastKnownFileType = sourcecode.c.objc; path = main.m; sourceTree = "<group>"; };
		F74E0B151E4FF62C0054A416 /* AppDelegate.h */ = {isa = PBXFileReference; lastKnownFileType = sourcecode.c.h; path = AppDelegate.h; sourceTree = "<group>"; };
		F74E0B161E4FF62C0054A416 /* AppDelegate.m */ = {isa = PBXFileReference; lastKnownFileType = sourcecode.c.objc; path = AppDelegate.m; sourceTree = "<group>"; };
		F74E0B181E4FF62C0054A416 /* ViewController.h */ = {isa = PBXFileReference; lastKnownFileType = sourcecode.c.h; path = ViewController.h; sourceTree = "<group>"; };
		F74E0B191E4FF62C0054A416 /* ViewController.m */ = {isa = PBXFileReference; lastKnownFileType = sourcecode.c.objc; path = ViewController.m; sourceTree = "<group>"; };
		F74E0B1C1E4FF62C0054A416 /* Base */ = {isa = PBXFileReference; lastKnownFileType = file.storyboard; name = Base; path = Base.lproj/Main.storyboard; sourceTree = "<group>"; };
		F74E0B1E1E4FF62C0054A416 /* Assets.xcassets */ = {isa = PBXFileReference; lastKnownFileType = folder.assetcatalog; path = Assets.xcassets; sourceTree = "<group>"; };
		F74E0B211E4FF62C0054A416 /* Base */ = {isa = PBXFileReference; lastKnownFileType = file.storyboard; name = Base; path = Base.lproj/LaunchScreen.storyboard; sourceTree = "<group>"; };
		F74E0B231E4FF62C0054A416 /* Info.plist */ = {isa = PBXFileReference; lastKnownFileType = text.plist.xml; path = Info.plist; sourceTree = "<group>"; };
		F74E0B2E1E503AED0054A416 /* 自定义Label.app */ = {isa = PBXFileReference; explicitFileType = wrapper.application; includeInIndex = 0; path = "自定义Label.app"; sourceTree = BUILT_PRODUCTS_DIR; };
		F74E0B311E503AED0054A416 /* main.m */ = {isa = PBXFileReference; lastKnownFileType = sourcecode.c.objc; path = main.m; sourceTree = "<group>"; };
		F74E0B331E503AED0054A416 /* AppDelegate.h */ = {isa = PBXFileReference; lastKnownFileType = sourcecode.c.h; path = AppDelegate.h; sourceTree = "<group>"; };
		F74E0B341E503AED0054A416 /* AppDelegate.m */ = {isa = PBXFileReference; lastKnownFileType = sourcecode.c.objc; path = AppDelegate.m; sourceTree = "<group>"; };
		F74E0B361E503AED0054A416 /* ViewController.h */ = {isa = PBXFileReference; lastKnownFileType = sourcecode.c.h; path = ViewController.h; sourceTree = "<group>"; };
		F74E0B371E503AED0054A416 /* ViewController.m */ = {isa = PBXFileReference; lastKnownFileType = sourcecode.c.objc; path = ViewController.m; sourceTree = "<group>"; };
		F74E0B3A1E503AED0054A416 /* Base */ = {isa = PBXFileReference; lastKnownFileType = file.storyboard; name = Base; path = Base.lproj/Main.storyboard; sourceTree = "<group>"; };
		F74E0B3C1E503AED0054A416 /* Assets.xcassets */ = {isa = PBXFileReference; lastKnownFileType = folder.assetcatalog; path = Assets.xcassets; sourceTree = "<group>"; };
		F74E0B3F1E503AED0054A416 /* Base */ = {isa = PBXFileReference; lastKnownFileType = file.storyboard; name = Base; path = Base.lproj/LaunchScreen.storyboard; sourceTree = "<group>"; };
		F74E0B411E503AED0054A416 /* Info.plist */ = {isa = PBXFileReference; lastKnownFileType = text.plist.xml; path = Info.plist; sourceTree = "<group>"; };
		F74E0B451E503B0E0054A416 /* JSLayerLabel.h */ = {isa = PBXFileReference; fileEncoding = 4; lastKnownFileType = sourcecode.c.h; path = JSLayerLabel.h; sourceTree = "<group>"; };
		F74E0B461E503B0E0054A416 /* JSLayerLabel.m */ = {isa = PBXFileReference; fileEncoding = 4; lastKnownFileType = sourcecode.c.objc; path = JSLayerLabel.m; sourceTree = "<group>"; };
		F74E0B4C1E5147A30054A416 /* CATransformLayer.app */ = {isa = PBXFileReference; explicitFileType = wrapper.application; includeInIndex = 0; path = CATransformLayer.app; sourceTree = BUILT_PRODUCTS_DIR; };
		F74E0B4F1E5147A30054A416 /* main.m */ = {isa = PBXFileReference; lastKnownFileType = sourcecode.c.objc; path = main.m; sourceTree = "<group>"; };
		F74E0B511E5147A30054A416 /* AppDelegate.h */ = {isa = PBXFileReference; lastKnownFileType = sourcecode.c.h; path = AppDelegate.h; sourceTree = "<group>"; };
		F74E0B521E5147A30054A416 /* AppDelegate.m */ = {isa = PBXFileReference; lastKnownFileType = sourcecode.c.objc; path = AppDelegate.m; sourceTree = "<group>"; };
		F74E0B541E5147A30054A416 /* ViewController.h */ = {isa = PBXFileReference; lastKnownFileType = sourcecode.c.h; path = ViewController.h; sourceTree = "<group>"; };
		F74E0B551E5147A30054A416 /* ViewController.m */ = {isa = PBXFileReference; lastKnownFileType = sourcecode.c.objc; path = ViewController.m; sourceTree = "<group>"; };
		F74E0B581E5147A30054A416 /* Base */ = {isa = PBXFileReference; lastKnownFileType = file.storyboard; name = Base; path = Base.lproj/Main.storyboard; sourceTree = "<group>"; };
		F74E0B5A1E5147A30054A416 /* Assets.xcassets */ = {isa = PBXFileReference; lastKnownFileType = folder.assetcatalog; path = Assets.xcassets; sourceTree = "<group>"; };
		F74E0B5D1E5147A30054A416 /* Base */ = {isa = PBXFileReference; lastKnownFileType = file.storyboard; name = Base; path = Base.lproj/LaunchScreen.storyboard; sourceTree = "<group>"; };
		F74E0B5F1E5147A30054A416 /* Info.plist */ = {isa = PBXFileReference; lastKnownFileType = text.plist.xml; path = Info.plist; sourceTree = "<group>"; };
/* End PBXFileReference section */

/* Begin PBXFrameworksBuildPhase section */
		F74E0A9E1E4D37510054A416 /* Frameworks */ = {
			isa = PBXFrameworksBuildPhase;
			buildActionMask = 2147483647;
			files = (
			);
			runOnlyForDeploymentPostprocessing = 0;
		};
		F74E0ABC1E4D43210054A416 /* Frameworks */ = {
			isa = PBXFrameworksBuildPhase;
			buildActionMask = 2147483647;
			files = (
			);
			runOnlyForDeploymentPostprocessing = 0;
		};
		F74E0AD71E4EA9E30054A416 /* Frameworks */ = {
			isa = PBXFrameworksBuildPhase;
			buildActionMask = 2147483647;
			files = (
			);
			runOnlyForDeploymentPostprocessing = 0;
		};
		F74E0AF21E4EAF700054A416 /* Frameworks */ = {
			isa = PBXFrameworksBuildPhase;
			buildActionMask = 2147483647;
			files = (
			);
			runOnlyForDeploymentPostprocessing = 0;
		};
		F74E0B0D1E4FF62B0054A416 /* Frameworks */ = {
			isa = PBXFrameworksBuildPhase;
			buildActionMask = 2147483647;
			files = (
			);
			runOnlyForDeploymentPostprocessing = 0;
		};
		F74E0B2B1E503AED0054A416 /* Frameworks */ = {
			isa = PBXFrameworksBuildPhase;
			buildActionMask = 2147483647;
			files = (
			);
			runOnlyForDeploymentPostprocessing = 0;
		};
		F74E0B491E5147A30054A416 /* Frameworks */ = {
			isa = PBXFrameworksBuildPhase;
			buildActionMask = 2147483647;
			files = (
			);
			runOnlyForDeploymentPostprocessing = 0;
		};
/* End PBXFrameworksBuildPhase section */

/* Begin PBXGroup section */
		F74E0A981E4D37510054A416 = {
			isa = PBXGroup;
			children = (
				F74E0AA31E4D37510054A416 /* transform */,
				F74E0AC01E4D43210054A416 /* 3DTransform */,
				F74E0ADB1E4EA9E30054A416 /* sublayerTransform */,
				F74E0AF61E4EAF700054A416 /* 扁平化图层 */,
				F74E0B111E4FF62C0054A416 /* CATextLayer */,
				F74E0B2F1E503AED0054A416 /* 自定义Label */,
				F74E0B4D1E5147A30054A416 /* CATransformLayer */,
				F74E0AA21E4D37510054A416 /* Products */,
			);
			sourceTree = "<group>";
		};
		F74E0AA21E4D37510054A416 /* Products */ = {
			isa = PBXGroup;
			children = (
				F74E0AA11E4D37510054A416 /* transform.app */,
				F74E0ABF1E4D43210054A416 /* 3DTransform.app */,
				F74E0ADA1E4EA9E30054A416 /* sublayerTransform.app */,
				F74E0AF51E4EAF700054A416 /* 扁平化图层.app */,
				F74E0B101E4FF62B0054A416 /* CATextLayer.app */,
				F74E0B2E1E503AED0054A416 /* 自定义Label.app */,
				F74E0B4C1E5147A30054A416 /* CATransformLayer.app */,
			);
			name = Products;
			sourceTree = "<group>";
		};
		F74E0AA31E4D37510054A416 /* transform */ = {
			isa = PBXGroup;
			children = (
				F74E0AA71E4D37510054A416 /* AppDelegate.h */,
				F74E0AA81E4D37510054A416 /* AppDelegate.m */,
				F74E0AAA1E4D37510054A416 /* ViewController.h */,
				F74E0AAB1E4D37510054A416 /* ViewController.m */,
				F74E0AAD1E4D37510054A416 /* Main.storyboard */,
				F74E0AB01E4D37510054A416 /* Assets.xcassets */,
				F74E0AB21E4D37510054A416 /* LaunchScreen.storyboard */,
				F74E0AB51E4D37510054A416 /* Info.plist */,
				F74E0AA41E4D37510054A416 /* Supporting Files */,
			);
			path = transform;
			sourceTree = "<group>";
		};
		F74E0AA41E4D37510054A416 /* Supporting Files */ = {
			isa = PBXGroup;
			children = (
				F74E0AA51E4D37510054A416 /* main.m */,
			);
			name = "Supporting Files";
			sourceTree = "<group>";
		};
		F74E0AC01E4D43210054A416 /* 3DTransform */ = {
			isa = PBXGroup;
			children = (
				F74E0AC41E4D43210054A416 /* AppDelegate.h */,
				F74E0AC51E4D43210054A416 /* AppDelegate.m */,
				F74E0AC71E4D43210054A416 /* ViewController.h */,
				F74E0AC81E4D43210054A416 /* ViewController.m */,
				F74E0ACA1E4D43210054A416 /* Main.storyboard */,
				F74E0ACD1E4D43210054A416 /* Assets.xcassets */,
				F74E0ACF1E4D43210054A416 /* LaunchScreen.storyboard */,
				F74E0AD21E4D43210054A416 /* Info.plist */,
				F74E0AC11E4D43210054A416 /* Supporting Files */,
			);
			path = 3DTransform;
			sourceTree = "<group>";
		};
		F74E0AC11E4D43210054A416 /* Supporting Files */ = {
			isa = PBXGroup;
			children = (
				F74E0AC21E4D43210054A416 /* main.m */,
			);
			name = "Supporting Files";
			sourceTree = "<group>";
		};
		F74E0ADB1E4EA9E30054A416 /* sublayerTransform */ = {
			isa = PBXGroup;
			children = (
				F74E0ADF1E4EA9E30054A416 /* AppDelegate.h */,
				F74E0AE01E4EA9E30054A416 /* AppDelegate.m */,
				F74E0AE21E4EA9E30054A416 /* ViewController.h */,
				F74E0AE31E4EA9E30054A416 /* ViewController.m */,
				F74E0AE51E4EA9E30054A416 /* Main.storyboard */,
				F74E0AE81E4EA9E30054A416 /* Assets.xcassets */,
				F74E0AEA1E4EA9E30054A416 /* LaunchScreen.storyboard */,
				F74E0AED1E4EA9E30054A416 /* Info.plist */,
				F74E0ADC1E4EA9E30054A416 /* Supporting Files */,
			);
			path = sublayerTransform;
			sourceTree = "<group>";
		};
		F74E0ADC1E4EA9E30054A416 /* Supporting Files */ = {
			isa = PBXGroup;
			children = (
				F74E0ADD1E4EA9E30054A416 /* main.m */,
			);
			name = "Supporting Files";
			sourceTree = "<group>";
		};
		F74E0AF61E4EAF700054A416 /* 扁平化图层 */ = {
			isa = PBXGroup;
			children = (
				F74E0AFA1E4EAF700054A416 /* AppDelegate.h */,
				F74E0AFB1E4EAF700054A416 /* AppDelegate.m */,
				F74E0AFD1E4EAF700054A416 /* ViewController.h */,
				F74E0AFE1E4EAF700054A416 /* ViewController.m */,
				F74E0B001E4EAF700054A416 /* Main.storyboard */,
				F74E0B031E4EAF700054A416 /* Assets.xcassets */,
				F74E0B051E4EAF700054A416 /* LaunchScreen.storyboard */,
				F74E0B081E4EAF700054A416 /* Info.plist */,
				F74E0AF71E4EAF700054A416 /* Supporting Files */,
			);
			path = "扁平化图层";
			sourceTree = "<group>";
		};
		F74E0AF71E4EAF700054A416 /* Supporting Files */ = {
			isa = PBXGroup;
			children = (
				F74E0AF81E4EAF700054A416 /* main.m */,
			);
			name = "Supporting Files";
			sourceTree = "<group>";
		};
		F74E0B111E4FF62C0054A416 /* CATextLayer */ = {
			isa = PBXGroup;
			children = (
				F74E0B151E4FF62C0054A416 /* AppDelegate.h */,
				F74E0B161E4FF62C0054A416 /* AppDelegate.m */,
				F74E0B181E4FF62C0054A416 /* ViewController.h */,
				F74E0B191E4FF62C0054A416 /* ViewController.m */,
				F74E0B1B1E4FF62C0054A416 /* Main.storyboard */,
				F74E0B1E1E4FF62C0054A416 /* Assets.xcassets */,
				F74E0B201E4FF62C0054A416 /* LaunchScreen.storyboard */,
				F74E0B231E4FF62C0054A416 /* Info.plist */,
				F74E0B121E4FF62C0054A416 /* Supporting Files */,
			);
			path = CATextLayer;
			sourceTree = "<group>";
		};
		F74E0B121E4FF62C0054A416 /* Supporting Files */ = {
			isa = PBXGroup;
			children = (
				F74E0B131E4FF62C0054A416 /* main.m */,
			);
			name = "Supporting Files";
			sourceTree = "<group>";
		};
		F74E0B2F1E503AED0054A416 /* 自定义Label */ = {
			isa = PBXGroup;
			children = (
				F74E0B451E503B0E0054A416 /* JSLayerLabel.h */,
				F74E0B461E503B0E0054A416 /* JSLayerLabel.m */,
				F74E0B331E503AED0054A416 /* AppDelegate.h */,
				F74E0B341E503AED0054A416 /* AppDelegate.m */,
				F74E0B361E503AED0054A416 /* ViewController.h */,
				F74E0B371E503AED0054A416 /* ViewController.m */,
				F74E0B391E503AED0054A416 /* Main.storyboard */,
				F74E0B3C1E503AED0054A416 /* Assets.xcassets */,
				F74E0B3E1E503AED0054A416 /* LaunchScreen.storyboard */,
				F74E0B411E503AED0054A416 /* Info.plist */,
				F74E0B301E503AED0054A416 /* Supporting Files */,
			);
			path = "自定义Label";
			sourceTree = "<group>";
		};
		F74E0B301E503AED0054A416 /* Supporting Files */ = {
			isa = PBXGroup;
			children = (
				F74E0B311E503AED0054A416 /* main.m */,
			);
			name = "Supporting Files";
			sourceTree = "<group>";
		};
		F74E0B4D1E5147A30054A416 /* CATransformLayer */ = {
			isa = PBXGroup;
			children = (
				F74E0B511E5147A30054A416 /* AppDelegate.h */,
				F74E0B521E5147A30054A416 /* AppDelegate.m */,
				F74E0B541E5147A30054A416 /* ViewController.h */,
				F74E0B551E5147A30054A416 /* ViewController.m */,
				F74E0B571E5147A30054A416 /* Main.storyboard */,
				F74E0B5A1E5147A30054A416 /* Assets.xcassets */,
				F74E0B5C1E5147A30054A416 /* LaunchScreen.storyboard */,
				F74E0B5F1E5147A30054A416 /* Info.plist */,
				F74E0B4E1E5147A30054A416 /* Supporting Files */,
			);
			path = CATransformLayer;
			sourceTree = "<group>";
		};
		F74E0B4E1E5147A30054A416 /* Supporting Files */ = {
			isa = PBXGroup;
			children = (
				F74E0B4F1E5147A30054A416 /* main.m */,
			);
			name = "Supporting Files";
			sourceTree = "<group>";
		};
/* End PBXGroup section */

/* Begin PBXNativeTarget section */
		F74E0AA01E4D37510054A416 /* transform */ = {
			isa = PBXNativeTarget;
			buildConfigurationList = F74E0AB81E4D37510054A416 /* Build configuration list for PBXNativeTarget "transform" */;
			buildPhases = (
				F74E0A9D1E4D37510054A416 /* Sources */,
				F74E0A9E1E4D37510054A416 /* Frameworks */,
				F74E0A9F1E4D37510054A416 /* Resources */,
			);
			buildRules = (
			);
			dependencies = (
			);
			name = transform;
			productName = transform;
			productReference = F74E0AA11E4D37510054A416 /* transform.app */;
			productType = "com.apple.product-type.application";
		};
		F74E0ABE1E4D43210054A416 /* 3DTransform */ = {
			isa = PBXNativeTarget;
			buildConfigurationList = F74E0AD51E4D43210054A416 /* Build configuration list for PBXNativeTarget "3DTransform" */;
			buildPhases = (
				F74E0ABB1E4D43210054A416 /* Sources */,
				F74E0ABC1E4D43210054A416 /* Frameworks */,
				F74E0ABD1E4D43210054A416 /* Resources */,
			);
			buildRules = (
			);
			dependencies = (
			);
			name = 3DTransform;
			productName = 3DTransform;
			productReference = F74E0ABF1E4D43210054A416 /* 3DTransform.app */;
			productType = "com.apple.product-type.application";
		};
		F74E0AD91E4EA9E30054A416 /* sublayerTransform */ = {
			isa = PBXNativeTarget;
			buildConfigurationList = F74E0AEE1E4EA9E30054A416 /* Build configuration list for PBXNativeTarget "sublayerTransform" */;
			buildPhases = (
				F74E0AD61E4EA9E30054A416 /* Sources */,
				F74E0AD71E4EA9E30054A416 /* Frameworks */,
				F74E0AD81E4EA9E30054A416 /* Resources */,
			);
			buildRules = (
			);
			dependencies = (
			);
			name = sublayerTransform;
			productName = sublayerTransform;
			productReference = F74E0ADA1E4EA9E30054A416 /* sublayerTransform.app */;
			productType = "com.apple.product-type.application";
		};
		F74E0AF41E4EAF700054A416 /* 扁平化图层 */ = {
			isa = PBXNativeTarget;
			buildConfigurationList = F74E0B091E4EAF700054A416 /* Build configuration list for PBXNativeTarget "扁平化图层" */;
			buildPhases = (
				F74E0AF11E4EAF700054A416 /* Sources */,
				F74E0AF21E4EAF700054A416 /* Frameworks */,
				F74E0AF31E4EAF700054A416 /* Resources */,
			);
			buildRules = (
			);
			dependencies = (
			);
			name = "扁平化图层";
			productName = "扁平化图层";
			productReference = F74E0AF51E4EAF700054A416 /* 扁平化图层.app */;
			productType = "com.apple.product-type.application";
		};
		F74E0B0F1E4FF62B0054A416 /* CATextLayer */ = {
			isa = PBXNativeTarget;
			buildConfigurationList = F74E0B241E4FF62C0054A416 /* Build configuration list for PBXNativeTarget "CATextLayer" */;
			buildPhases = (
				F74E0B0C1E4FF62B0054A416 /* Sources */,
				F74E0B0D1E4FF62B0054A416 /* Frameworks */,
				F74E0B0E1E4FF62B0054A416 /* Resources */,
			);
			buildRules = (
			);
			dependencies = (
			);
			name = CATextLayer;
			productName = CATextLayer;
			productReference = F74E0B101E4FF62B0054A416 /* CATextLayer.app */;
			productType = "com.apple.product-type.application";
		};
		F74E0B2D1E503AED0054A416 /* 自定义Label */ = {
			isa = PBXNativeTarget;
			buildConfigurationList = F74E0B421E503AED0054A416 /* Build configuration list for PBXNativeTarget "自定义Label" */;
			buildPhases = (
				F74E0B2A1E503AED0054A416 /* Sources */,
				F74E0B2B1E503AED0054A416 /* Frameworks */,
				F74E0B2C1E503AED0054A416 /* Resources */,
			);
			buildRules = (
			);
			dependencies = (
			);
			name = "自定义Label";
			productName = "自定义Label";
			productReference = F74E0B2E1E503AED0054A416 /* 自定义Label.app */;
			productType = "com.apple.product-type.application";
		};
		F74E0B4B1E5147A30054A416 /* CATransformLayer */ = {
			isa = PBXNativeTarget;
			buildConfigurationList = F74E0B601E5147A30054A416 /* Build configuration list for PBXNativeTarget "CATransformLayer" */;
			buildPhases = (
				F74E0B481E5147A30054A416 /* Sources */,
				F74E0B491E5147A30054A416 /* Frameworks */,
				F74E0B4A1E5147A30054A416 /* Resources */,
			);
			buildRules = (
			);
			dependencies = (
			);
			name = CATransformLayer;
			productName = CATransformLayer;
			productReference = F74E0B4C1E5147A30054A416 /* CATransformLayer.app */;
			productType = "com.apple.product-type.application";
		};
/* End PBXNativeTarget section */

/* Begin PBXProject section */
		F74E0A991E4D37510054A416 /* Project object */ = {
			isa = PBXProject;
			attributes = {
				LastUpgradeCheck = 0820;
				ORGANIZATIONNAME = ShenYj;
				TargetAttributes = {
					F74E0AA01E4D37510054A416 = {
						CreatedOnToolsVersion = 8.2.1;
						DevelopmentTeam = EC2EUS3UQ9;
						ProvisioningStyle = Automatic;
					};
					F74E0ABE1E4D43210054A416 = {
						CreatedOnToolsVersion = 8.2.1;
						DevelopmentTeam = EC2EUS3UQ9;
						ProvisioningStyle = Automatic;
					};
					F74E0AD91E4EA9E30054A416 = {
						CreatedOnToolsVersion = 8.2.1;
						DevelopmentTeam = EC2EUS3UQ9;
						ProvisioningStyle = Automatic;
					};
					F74E0AF41E4EAF700054A416 = {
						CreatedOnToolsVersion = 8.2.1;
						DevelopmentTeam = EC2EUS3UQ9;
						ProvisioningStyle = Automatic;
					};
					F74E0B0F1E4FF62B0054A416 = {
						CreatedOnToolsVersion = 8.2.1;
						DevelopmentTeam = EC2EUS3UQ9;
						ProvisioningStyle = Automatic;
					};
					F74E0B2D1E503AED0054A416 = {
						CreatedOnToolsVersion = 8.2.1;
						DevelopmentTeam = EC2EUS3UQ9;
						ProvisioningStyle = Automatic;
					};
					F74E0B4B1E5147A30054A416 = {
						CreatedOnToolsVersion = 8.2.1;
						DevelopmentTeam = EC2EUS3UQ9;
						ProvisioningStyle = Automatic;
					};
				};
			};
			buildConfigurationList = F74E0A9C1E4D37510054A416 /* Build configuration list for PBXProject "transform" */;
			compatibilityVersion = "Xcode 3.2";
			developmentRegion = English;
			hasScannedForEncodings = 0;
			knownRegions = (
				en,
				Base,
			);
			mainGroup = F74E0A981E4D37510054A416;
			productRefGroup = F74E0AA21E4D37510054A416 /* Products */;
			projectDirPath = "";
			projectRoot = "";
			targets = (
				F74E0AA01E4D37510054A416 /* transform */,
				F74E0ABE1E4D43210054A416 /* 3DTransform */,
				F74E0AD91E4EA9E30054A416 /* sublayerTransform */,
				F74E0AF41E4EAF700054A416 /* 扁平化图层 */,
				F74E0B0F1E4FF62B0054A416 /* CATextLayer */,
				F74E0B2D1E503AED0054A416 /* 自定义Label */,
				F74E0B4B1E5147A30054A416 /* CATransformLayer */,
			);
		};
/* End PBXProject section */

/* Begin PBXResourcesBuildPhase section */
		F74E0A9F1E4D37510054A416 /* Resources */ = {
			isa = PBXResourcesBuildPhase;
			buildActionMask = 2147483647;
			files = (
				F74E0AB41E4D37510054A416 /* LaunchScreen.storyboard in Resources */,
				F74E0AB11E4D37510054A416 /* Assets.xcassets in Resources */,
				F74E0AAF1E4D37510054A416 /* Main.storyboard in Resources */,
			);
			runOnlyForDeploymentPostprocessing = 0;
		};
		F74E0ABD1E4D43210054A416 /* Resources */ = {
			isa = PBXResourcesBuildPhase;
			buildActionMask = 2147483647;
			files = (
				F74E0AD11E4D43210054A416 /* LaunchScreen.storyboard in Resources */,
				F74E0ACE1E4D43210054A416 /* Assets.xcassets in Resources */,
				F74E0ACC1E4D43210054A416 /* Main.storyboard in Resources */,
			);
			runOnlyForDeploymentPostprocessing = 0;
		};
		F74E0AD81E4EA9E30054A416 /* Resources */ = {
			isa = PBXResourcesBuildPhase;
			buildActionMask = 2147483647;
			files = (
				F74E0AEC1E4EA9E30054A416 /* LaunchScreen.storyboard in Resources */,
				F74E0AE91E4EA9E30054A416 /* Assets.xcassets in Resources */,
				F74E0AE71E4EA9E30054A416 /* Main.storyboard in Resources */,
			);
			runOnlyForDeploymentPostprocessing = 0;
		};
		F74E0AF31E4EAF700054A416 /* Resources */ = {
			isa = PBXResourcesBuildPhase;
			buildActionMask = 2147483647;
			files = (
				F74E0B071E4EAF700054A416 /* LaunchScreen.storyboard in Resources */,
				F74E0B041E4EAF700054A416 /* Assets.xcassets in Resources */,
				F74E0B021E4EAF700054A416 /* Main.storyboard in Resources */,
			);
			runOnlyForDeploymentPostprocessing = 0;
		};
		F74E0B0E1E4FF62B0054A416 /* Resources */ = {
			isa = PBXResourcesBuildPhase;
			buildActionMask = 2147483647;
			files = (
				F74E0B221E4FF62C0054A416 /* LaunchScreen.storyboard in Resources */,
				F74E0B1F1E4FF62C0054A416 /* Assets.xcassets in Resources */,
				F74E0B1D1E4FF62C0054A416 /* Main.storyboard in Resources */,
			);
			runOnlyForDeploymentPostprocessing = 0;
		};
		F74E0B2C1E503AED0054A416 /* Resources */ = {
			isa = PBXResourcesBuildPhase;
			buildActionMask = 2147483647;
			files = (
				F74E0B401E503AED0054A416 /* LaunchScreen.storyboard in Resources */,
				F74E0B3D1E503AED0054A416 /* Assets.xcassets in Resources */,
				F74E0B3B1E503AED0054A416 /* Main.storyboard in Resources */,
			);
			runOnlyForDeploymentPostprocessing = 0;
		};
		F74E0B4A1E5147A30054A416 /* Resources */ = {
			isa = PBXResourcesBuildPhase;
			buildActionMask = 2147483647;
			files = (
				F74E0B5E1E5147A30054A416 /* LaunchScreen.storyboard in Resources */,
				F74E0B5B1E5147A30054A416 /* Assets.xcassets in Resources */,
				F74E0B591E5147A30054A416 /* Main.storyboard in Resources */,
			);
			runOnlyForDeploymentPostprocessing = 0;
		};
/* End PBXResourcesBuildPhase section */

/* Begin PBXSourcesBuildPhase section */
		F74E0A9D1E4D37510054A416 /* Sources */ = {
			isa = PBXSourcesBuildPhase;
			buildActionMask = 2147483647;
			files = (
				F74E0AAC1E4D37510054A416 /* ViewController.m in Sources */,
				F74E0AA91E4D37510054A416 /* AppDelegate.m in Sources */,
				F74E0AA61E4D37510054A416 /* main.m in Sources */,
			);
			runOnlyForDeploymentPostprocessing = 0;
		};
		F74E0ABB1E4D43210054A416 /* Sources */ = {
			isa = PBXSourcesBuildPhase;
			buildActionMask = 2147483647;
			files = (
				F74E0AC91E4D43210054A416 /* ViewController.m in Sources */,
				F74E0AC61E4D43210054A416 /* AppDelegate.m in Sources */,
				F74E0AC31E4D43210054A416 /* main.m in Sources */,
			);
			runOnlyForDeploymentPostprocessing = 0;
		};
		F74E0AD61E4EA9E30054A416 /* Sources */ = {
			isa = PBXSourcesBuildPhase;
			buildActionMask = 2147483647;
			files = (
				F74E0AE41E4EA9E30054A416 /* ViewController.m in Sources */,
				F74E0AE11E4EA9E30054A416 /* AppDelegate.m in Sources */,
				F74E0ADE1E4EA9E30054A416 /* main.m in Sources */,
			);
			runOnlyForDeploymentPostprocessing = 0;
		};
		F74E0AF11E4EAF700054A416 /* Sources */ = {
			isa = PBXSourcesBuildPhase;
			buildActionMask = 2147483647;
			files = (
				F74E0AFF1E4EAF700054A416 /* ViewController.m in Sources */,
				F74E0AFC1E4EAF700054A416 /* AppDelegate.m in Sources */,
				F74E0AF91E4EAF700054A416 /* main.m in Sources */,
			);
			runOnlyForDeploymentPostprocessing = 0;
		};
		F74E0B0C1E4FF62B0054A416 /* Sources */ = {
			isa = PBXSourcesBuildPhase;
			buildActionMask = 2147483647;
			files = (
				F74E0B1A1E4FF62C0054A416 /* ViewController.m in Sources */,
				F74E0B171E4FF62C0054A416 /* AppDelegate.m in Sources */,
				F74E0B141E4FF62C0054A416 /* main.m in Sources */,
			);
			runOnlyForDeploymentPostprocessing = 0;
		};
		F74E0B2A1E503AED0054A416 /* Sources */ = {
			isa = PBXSourcesBuildPhase;
			buildActionMask = 2147483647;
			files = (
				F74E0B381E503AED0054A416 /* ViewController.m in Sources */,
				F74E0B351E503AED0054A416 /* AppDelegate.m in Sources */,
				F74E0B321E503AED0054A416 /* main.m in Sources */,
				F74E0B471E503B0E0054A416 /* JSLayerLabel.m in Sources */,
			);
			runOnlyForDeploymentPostprocessing = 0;
		};
		F74E0B481E5147A30054A416 /* Sources */ = {
			isa = PBXSourcesBuildPhase;
			buildActionMask = 2147483647;
			files = (
				F74E0B561E5147A30054A416 /* ViewController.m in Sources */,
				F74E0B531E5147A30054A416 /* AppDelegate.m in Sources */,
				F74E0B501E5147A30054A416 /* main.m in Sources */,
			);
			runOnlyForDeploymentPostprocessing = 0;
		};
/* End PBXSourcesBuildPhase section */

/* Begin PBXVariantGroup section */
		F74E0AAD1E4D37510054A416 /* Main.storyboard */ = {
			isa = PBXVariantGroup;
			children = (
				F74E0AAE1E4D37510054A416 /* Base */,
			);
			name = Main.storyboard;
			sourceTree = "<group>";
		};
		F74E0AB21E4D37510054A416 /* LaunchScreen.storyboard */ = {
			isa = PBXVariantGroup;
			children = (
				F74E0AB31E4D37510054A416 /* Base */,
			);
			name = LaunchScreen.storyboard;
			sourceTree = "<group>";
		};
		F74E0ACA1E4D43210054A416 /* Main.storyboard */ = {
			isa = PBXVariantGroup;
			children = (
				F74E0ACB1E4D43210054A416 /* Base */,
			);
			name = Main.storyboard;
			sourceTree = "<group>";
		};
		F74E0ACF1E4D43210054A416 /* LaunchScreen.storyboard */ = {
			isa = PBXVariantGroup;
			children = (
				F74E0AD01E4D43210054A416 /* Base */,
			);
			name = LaunchScreen.storyboard;
			sourceTree = "<group>";
		};
		F74E0AE51E4EA9E30054A416 /* Main.storyboard */ = {
			isa = PBXVariantGroup;
			children = (
				F74E0AE61E4EA9E30054A416 /* Base */,
			);
			name = Main.storyboard;
			sourceTree = "<group>";
		};
		F74E0AEA1E4EA9E30054A416 /* LaunchScreen.storyboard */ = {
			isa = PBXVariantGroup;
			children = (
				F74E0AEB1E4EA9E30054A416 /* Base */,
			);
			name = LaunchScreen.storyboard;
			sourceTree = "<group>";
		};
		F74E0B001E4EAF700054A416 /* Main.storyboard */ = {
			isa = PBXVariantGroup;
			children = (
				F74E0B011E4EAF700054A416 /* Base */,
			);
			name = Main.storyboard;
			sourceTree = "<group>";
		};
		F74E0B051E4EAF700054A416 /* LaunchScreen.storyboard */ = {
			isa = PBXVariantGroup;
			children = (
				F74E0B061E4EAF700054A416 /* Base */,
			);
			name = LaunchScreen.storyboard;
			sourceTree = "<group>";
		};
		F74E0B1B1E4FF62C0054A416 /* Main.storyboard */ = {
			isa = PBXVariantGroup;
			children = (
				F74E0B1C1E4FF62C0054A416 /* Base */,
			);
			name = Main.storyboard;
			sourceTree = "<group>";
		};
		F74E0B201E4FF62C0054A416 /* LaunchScreen.storyboard */ = {
			isa = PBXVariantGroup;
			children = (
				F74E0B211E4FF62C0054A416 /* Base */,
			);
			name = LaunchScreen.storyboard;
			sourceTree = "<group>";
		};
		F74E0B391E503AED0054A416 /* Main.storyboard */ = {
			isa = PBXVariantGroup;
			children = (
				F74E0B3A1E503AED0054A416 /* Base */,
			);
			name = Main.storyboard;
			sourceTree = "<group>";
		};
		F74E0B3E1E503AED0054A416 /* LaunchScreen.storyboard */ = {
			isa = PBXVariantGroup;
			children = (
				F74E0B3F1E503AED0054A416 /* Base */,
			);
			name = LaunchScreen.storyboard;
			sourceTree = "<group>";
		};
		F74E0B571E5147A30054A416 /* Main.storyboard */ = {
			isa = PBXVariantGroup;
			children = (
				F74E0B581E5147A30054A416 /* Base */,
			);
			name = Main.storyboard;
			sourceTree = "<group>";
		};
		F74E0B5C1E5147A30054A416 /* LaunchScreen.storyboard */ = {
			isa = PBXVariantGroup;
			children = (
				F74E0B5D1E5147A30054A416 /* Base */,
			);
			name = LaunchScreen.storyboard;
			sourceTree = "<group>";
		};
/* End PBXVariantGroup section */

/* Begin XCBuildConfiguration section */
		F74E0AB61E4D37510054A416 /* Debug */ = {
			isa = XCBuildConfiguration;
			buildSettings = {
				ALWAYS_SEARCH_USER_PATHS = NO;
				CLANG_ANALYZER_NONNULL = YES;
				CLANG_CXX_LANGUAGE_STANDARD = "gnu++0x";
				CLANG_CXX_LIBRARY = "libc++";
				CLANG_ENABLE_MODULES = YES;
				CLANG_ENABLE_OBJC_ARC = YES;
				CLANG_WARN_BOOL_CONVERSION = YES;
				CLANG_WARN_CONSTANT_CONVERSION = YES;
				CLANG_WARN_DIRECT_OBJC_ISA_USAGE = YES_ERROR;
				CLANG_WARN_DOCUMENTATION_COMMENTS = YES;
				CLANG_WARN_EMPTY_BODY = YES;
				CLANG_WARN_ENUM_CONVERSION = YES;
				CLANG_WARN_INFINITE_RECURSION = YES;
				CLANG_WARN_INT_CONVERSION = YES;
				CLANG_WARN_OBJC_ROOT_CLASS = YES_ERROR;
				CLANG_WARN_SUSPICIOUS_MOVE = YES;
				CLANG_WARN_UNREACHABLE_CODE = YES;
				CLANG_WARN__DUPLICATE_METHOD_MATCH = YES;
				"CODE_SIGN_IDENTITY[sdk=iphoneos*]" = "iPhone Developer";
				COPY_PHASE_STRIP = NO;
				DEBUG_INFORMATION_FORMAT = dwarf;
				ENABLE_STRICT_OBJC_MSGSEND = YES;
				ENABLE_TESTABILITY = YES;
				GCC_C_LANGUAGE_STANDARD = gnu99;
				GCC_DYNAMIC_NO_PIC = NO;
				GCC_NO_COMMON_BLOCKS = YES;
				GCC_OPTIMIZATION_LEVEL = 0;
				GCC_PREPROCESSOR_DEFINITIONS = (
					"DEBUG=1",
					"$(inherited)",
				);
				GCC_WARN_64_TO_32_BIT_CONVERSION = YES;
				GCC_WARN_ABOUT_RETURN_TYPE = YES_ERROR;
				GCC_WARN_UNDECLARED_SELECTOR = YES;
				GCC_WARN_UNINITIALIZED_AUTOS = YES_AGGRESSIVE;
				GCC_WARN_UNUSED_FUNCTION = YES;
				GCC_WARN_UNUSED_VARIABLE = YES;
				IPHONEOS_DEPLOYMENT_TARGET = 10.2;
				MTL_ENABLE_DEBUG_INFO = YES;
				ONLY_ACTIVE_ARCH = YES;
				SDKROOT = iphoneos;
			};
			name = Debug;
		};
		F74E0AB71E4D37510054A416 /* Release */ = {
			isa = XCBuildConfiguration;
			buildSettings = {
				ALWAYS_SEARCH_USER_PATHS = NO;
				CLANG_ANALYZER_NONNULL = YES;
				CLANG_CXX_LANGUAGE_STANDARD = "gnu++0x";
				CLANG_CXX_LIBRARY = "libc++";
				CLANG_ENABLE_MODULES = YES;
				CLANG_ENABLE_OBJC_ARC = YES;
				CLANG_WARN_BOOL_CONVERSION = YES;
				CLANG_WARN_CONSTANT_CONVERSION = YES;
				CLANG_WARN_DIRECT_OBJC_ISA_USAGE = YES_ERROR;
				CLANG_WARN_DOCUMENTATION_COMMENTS = YES;
				CLANG_WARN_EMPTY_BODY = YES;
				CLANG_WARN_ENUM_CONVERSION = YES;
				CLANG_WARN_INFINITE_RECURSION = YES;
				CLANG_WARN_INT_CONVERSION = YES;
				CLANG_WARN_OBJC_ROOT_CLASS = YES_ERROR;
				CLANG_WARN_SUSPICIOUS_MOVE = YES;
				CLANG_WARN_UNREACHABLE_CODE = YES;
				CLANG_WARN__DUPLICATE_METHOD_MATCH = YES;
				"CODE_SIGN_IDENTITY[sdk=iphoneos*]" = "iPhone Developer";
				COPY_PHASE_STRIP = NO;
				DEBUG_INFORMATION_FORMAT = "dwarf-with-dsym";
				ENABLE_NS_ASSERTIONS = NO;
				ENABLE_STRICT_OBJC_MSGSEND = YES;
				GCC_C_LANGUAGE_STANDARD = gnu99;
				GCC_NO_COMMON_BLOCKS = YES;
				GCC_WARN_64_TO_32_BIT_CONVERSION = YES;
				GCC_WARN_ABOUT_RETURN_TYPE = YES_ERROR;
				GCC_WARN_UNDECLARED_SELECTOR = YES;
				GCC_WARN_UNINITIALIZED_AUTOS = YES_AGGRESSIVE;
				GCC_WARN_UNUSED_FUNCTION = YES;
				GCC_WARN_UNUSED_VARIABLE = YES;
				IPHONEOS_DEPLOYMENT_TARGET = 10.2;
				MTL_ENABLE_DEBUG_INFO = NO;
				SDKROOT = iphoneos;
				VALIDATE_PRODUCT = YES;
			};
			name = Release;
		};
		F74E0AB91E4D37510054A416 /* Debug */ = {
			isa = XCBuildConfiguration;
			buildSettings = {
				ASSETCATALOG_COMPILER_APPICON_NAME = AppIcon;
				DEVELOPMENT_TEAM = EC2EUS3UQ9;
				INFOPLIST_FILE = transform/Info.plist;
				LD_RUNPATH_SEARCH_PATHS = "$(inherited) @executable_path/Frameworks";
				PRODUCT_BUNDLE_IDENTIFIER = com.ShenYj.transform;
				PRODUCT_NAME = "$(TARGET_NAME)";
			};
			name = Debug;
		};
		F74E0ABA1E4D37510054A416 /* Release */ = {
			isa = XCBuildConfiguration;
			buildSettings = {
				ASSETCATALOG_COMPILER_APPICON_NAME = AppIcon;
				DEVELOPMENT_TEAM = EC2EUS3UQ9;
				INFOPLIST_FILE = transform/Info.plist;
				LD_RUNPATH_SEARCH_PATHS = "$(inherited) @executable_path/Frameworks";
				PRODUCT_BUNDLE_IDENTIFIER = com.ShenYj.transform;
				PRODUCT_NAME = "$(TARGET_NAME)";
			};
			name = Release;
		};
		F74E0AD31E4D43210054A416 /* Debug */ = {
			isa = XCBuildConfiguration;
			buildSettings = {
				ASSETCATALOG_COMPILER_APPICON_NAME = AppIcon;
				DEVELOPMENT_TEAM = EC2EUS3UQ9;
				INFOPLIST_FILE = 3DTransform/Info.plist;
				LD_RUNPATH_SEARCH_PATHS = "$(inherited) @executable_path/Frameworks";
				PRODUCT_BUNDLE_IDENTIFIER = "com.ShenYj.-DTransform";
				PRODUCT_NAME = "$(TARGET_NAME)";
			};
			name = Debug;
		};
		F74E0AD41E4D43210054A416 /* Release */ = {
			isa = XCBuildConfiguration;
			buildSettings = {
				ASSETCATALOG_COMPILER_APPICON_NAME = AppIcon;
				DEVELOPMENT_TEAM = EC2EUS3UQ9;
				INFOPLIST_FILE = 3DTransform/Info.plist;
				LD_RUNPATH_SEARCH_PATHS = "$(inherited) @executable_path/Frameworks";
				PRODUCT_BUNDLE_IDENTIFIER = "com.ShenYj.-DTransform";
				PRODUCT_NAME = "$(TARGET_NAME)";
			};
			name = Release;
		};
		F74E0AEF1E4EA9E30054A416 /* Debug */ = {
			isa = XCBuildConfiguration;
			buildSettings = {
				ASSETCATALOG_COMPILER_APPICON_NAME = AppIcon;
				DEVELOPMENT_TEAM = EC2EUS3UQ9;
				INFOPLIST_FILE = sublayerTransform/Info.plist;
				LD_RUNPATH_SEARCH_PATHS = "$(inherited) @executable_path/Frameworks";
				PRODUCT_BUNDLE_IDENTIFIER = com.ShenYj.sublayerTransform;
				PRODUCT_NAME = "$(TARGET_NAME)";
			};
			name = Debug;
		};
		F74E0AF01E4EA9E30054A416 /* Release */ = {
			isa = XCBuildConfiguration;
			buildSettings = {
				ASSETCATALOG_COMPILER_APPICON_NAME = AppIcon;
				DEVELOPMENT_TEAM = EC2EUS3UQ9;
				INFOPLIST_FILE = sublayerTransform/Info.plist;
				LD_RUNPATH_SEARCH_PATHS = "$(inherited) @executable_path/Frameworks";
				PRODUCT_BUNDLE_IDENTIFIER = com.ShenYj.sublayerTransform;
				PRODUCT_NAME = "$(TARGET_NAME)";
			};
			name = Release;
		};
		F74E0B0A1E4EAF700054A416 /* Debug */ = {
			isa = XCBuildConfiguration;
			buildSettings = {
				ASSETCATALOG_COMPILER_APPICON_NAME = AppIcon;
				DEVELOPMENT_TEAM = EC2EUS3UQ9;
				INFOPLIST_FILE = "扁平化图层/Info.plist";
				LD_RUNPATH_SEARCH_PATHS = "$(inherited) @executable_path/Frameworks";
				PRODUCT_BUNDLE_IDENTIFIER = "com.ShenYj.-----";
				PRODUCT_NAME = "$(TARGET_NAME)";
			};
			name = Debug;
		};
		F74E0B0B1E4EAF700054A416 /* Release */ = {
			isa = XCBuildConfiguration;
			buildSettings = {
				ASSETCATALOG_COMPILER_APPICON_NAME = AppIcon;
				DEVELOPMENT_TEAM = EC2EUS3UQ9;
				INFOPLIST_FILE = "扁平化图层/Info.plist";
				LD_RUNPATH_SEARCH_PATHS = "$(inherited) @executable_path/Frameworks";
				PRODUCT_BUNDLE_IDENTIFIER = "com.ShenYj.-----";
				PRODUCT_NAME = "$(TARGET_NAME)";
			};
			name = Release;
		};
		F74E0B251E4FF62C0054A416 /* Debug */ = {
			isa = XCBuildConfiguration;
			buildSettings = {
				ASSETCATALOG_COMPILER_APPICON_NAME = AppIcon;
				DEVELOPMENT_TEAM = EC2EUS3UQ9;
				INFOPLIST_FILE = CATextLayer/Info.plist;
				LD_RUNPATH_SEARCH_PATHS = "$(inherited) @executable_path/Frameworks";
				PRODUCT_BUNDLE_IDENTIFIER = com.ShenYj.CATextLayer;
				PRODUCT_NAME = "$(TARGET_NAME)";
			};
			name = Debug;
		};
		F74E0B261E4FF62C0054A416 /* Release */ = {
			isa = XCBuildConfiguration;
			buildSettings = {
				ASSETCATALOG_COMPILER_APPICON_NAME = AppIcon;
				DEVELOPMENT_TEAM = EC2EUS3UQ9;
				INFOPLIST_FILE = CATextLayer/Info.plist;
				LD_RUNPATH_SEARCH_PATHS = "$(inherited) @executable_path/Frameworks";
				PRODUCT_BUNDLE_IDENTIFIER = com.ShenYj.CATextLayer;
				PRODUCT_NAME = "$(TARGET_NAME)";
			};
			name = Release;
		};
		F74E0B431E503AED0054A416 /* Debug */ = {
			isa = XCBuildConfiguration;
			buildSettings = {
				ASSETCATALOG_COMPILER_APPICON_NAME = AppIcon;
				DEVELOPMENT_TEAM = EC2EUS3UQ9;
				INFOPLIST_FILE = "自定义Label/Info.plist";
				LD_RUNPATH_SEARCH_PATHS = "$(inherited) @executable_path/Frameworks";
				PRODUCT_BUNDLE_IDENTIFIER = "com.ShenYj.---Label";
				PRODUCT_NAME = "$(TARGET_NAME)";
			};
			name = Debug;
		};
		F74E0B441E503AED0054A416 /* Release */ = {
			isa = XCBuildConfiguration;
			buildSettings = {
				ASSETCATALOG_COMPILER_APPICON_NAME = AppIcon;
				DEVELOPMENT_TEAM = EC2EUS3UQ9;
				INFOPLIST_FILE = "自定义Label/Info.plist";
				LD_RUNPATH_SEARCH_PATHS = "$(inherited) @executable_path/Frameworks";
				PRODUCT_BUNDLE_IDENTIFIER = "com.ShenYj.---Label";
				PRODUCT_NAME = "$(TARGET_NAME)";
			};
			name = Release;
		};
		F74E0B611E5147A30054A416 /* Debug */ = {
			isa = XCBuildConfiguration;
			buildSettings = {
				ASSETCATALOG_COMPILER_APPICON_NAME = AppIcon;
				DEVELOPMENT_TEAM = EC2EUS3UQ9;
				INFOPLIST_FILE = CATransformLayer/Info.plist;
				LD_RUNPATH_SEARCH_PATHS = "$(inherited) @executable_path/Frameworks";
				PRODUCT_BUNDLE_IDENTIFIER = com.ShenYj.CATransformLayer;
				PRODUCT_NAME = "$(TARGET_NAME)";
			};
			name = Debug;
		};
		F74E0B621E5147A30054A416 /* Release */ = {
			isa = XCBuildConfiguration;
			buildSettings = {
				ASSETCATALOG_COMPILER_APPICON_NAME = AppIcon;
				DEVELOPMENT_TEAM = EC2EUS3UQ9;
				INFOPLIST_FILE = CATransformLayer/Info.plist;
				LD_RUNPATH_SEARCH_PATHS = "$(inherited) @executable_path/Frameworks";
				PRODUCT_BUNDLE_IDENTIFIER = com.ShenYj.CATransformLayer;
				PRODUCT_NAME = "$(TARGET_NAME)";
			};
			name = Release;
		};
/* End XCBuildConfiguration section */

/* Begin XCConfigurationList section */
		F74E0A9C1E4D37510054A416 /* Build configuration list for PBXProject "transform" */ = {
			isa = XCConfigurationList;
			buildConfigurations = (
				F74E0AB61E4D37510054A416 /* Debug */,
				F74E0AB71E4D37510054A416 /* Release */,
			);
			defaultConfigurationIsVisible = 0;
			defaultConfigurationName = Release;
		};
		F74E0AB81E4D37510054A416 /* Build configuration list for PBXNativeTarget "transform" */ = {
			isa = XCConfigurationList;
			buildConfigurations = (
				F74E0AB91E4D37510054A416 /* Debug */,
				F74E0ABA1E4D37510054A416 /* Release */,
			);
			defaultConfigurationIsVisible = 0;
			defaultConfigurationName = Release;
		};
		F74E0AD51E4D43210054A416 /* Build configuration list for PBXNativeTarget "3DTransform" */ = {
			isa = XCConfigurationList;
			buildConfigurations = (
				F74E0AD31E4D43210054A416 /* Debug */,
				F74E0AD41E4D43210054A416 /* Release */,
			);
			defaultConfigurationIsVisible = 0;
		};
		F74E0AEE1E4EA9E30054A416 /* Build configuration list for PBXNativeTarget "sublayerTransform" */ = {
			isa = XCConfigurationList;
			buildConfigurations = (
				F74E0AEF1E4EA9E30054A416 /* Debug */,
				F74E0AF01E4EA9E30054A416 /* Release */,
			);
			defaultConfigurationIsVisible = 0;
		};
		F74E0B091E4EAF700054A416 /* Build configuration list for PBXNativeTarget "扁平化图层" */ = {
			isa = XCConfigurationList;
			buildConfigurations = (
				F74E0B0A1E4EAF700054A416 /* Debug */,
				F74E0B0B1E4EAF700054A416 /* Release */,
			);
			defaultConfigurationIsVisible = 0;
		};
		F74E0B241E4FF62C0054A416 /* Build configuration list for PBXNativeTarget "CATextLayer" */ = {
			isa = XCConfigurationList;
			buildConfigurations = (
				F74E0B251E4FF62C0054A416 /* Debug */,
				F74E0B261E4FF62C0054A416 /* Release */,
			);
			defaultConfigurationIsVisible = 0;
		};
		F74E0B421E503AED0054A416 /* Build configuration list for PBXNativeTarget "自定义Label" */ = {
			isa = XCConfigurationList;
			buildConfigurations = (
				F74E0B431E503AED0054A416 /* Debug */,
				F74E0B441E503AED0054A416 /* Release */,
			);
			defaultConfigurationIsVisible = 0;
		};
		F74E0B601E5147A30054A416 /* Build configuration list for PBXNativeTarget "CATransformLayer" */ = {
			isa = XCConfigurationList;
			buildConfigurations = (
				F74E0B611E5147A30054A416 /* Debug */,
				F74E0B621E5147A30054A416 /* Release */,
			);
			defaultConfigurationIsVisible = 0;
		};
/* End XCConfigurationList section */
	};
	rootObject = F74E0A991E4D37510054A416 /* Project object */;
}
